// !$*UTF8*$!
{
	archiveVersion = 1;
	classes = {
	};
	objectVersion = 46;
	objects = {

/* Begin PBXBuildFile section */
		60035BA019B0D214009CADE0 /* CCLCalendarViewController.xib in Resources */ = {isa = PBXBuildFile; fileRef = 60035B9F19B0D214009CADE0 /* CCLCalendarViewController.xib */; };
		60035BA819B0D235009CADE0 /* CCLCalendarService.m in Sources */ = {isa = PBXBuildFile; fileRef = 60035BA519B0D235009CADE0 /* CCLCalendarService.m */; };
		60035BA919B0D235009CADE0 /* CCLDisplayCalendar.m in Sources */ = {isa = PBXBuildFile; fileRef = 60035BA719B0D235009CADE0 /* CCLDisplayCalendar.m */; };
		60035BAF19B0D2D6009CADE0 /* CCLDayCellSelection.m in Sources */ = {isa = PBXBuildFile; fileRef = 60035BAE19B0D2D6009CADE0 /* CCLDayCellSelection.m */; };
		6009D65E19AC77D3006F568F /* Cocoa.framework in Frameworks */ = {isa = PBXBuildFile; fileRef = 6009D65D19AC77D3006F568F /* Cocoa.framework */; };
		6009D66A19AC77D3006F568F /* main.m in Sources */ = {isa = PBXBuildFile; fileRef = 6009D66919AC77D3006F568F /* main.m */; };
		6009D66E19AC77D3006F568F /* Credits.rtf in Resources */ = {isa = PBXBuildFile; fileRef = 6009D66C19AC77D3006F568F /* Credits.rtf */; };
		6009D67119AC77D3006F568F /* CCLAppDelegate.m in Sources */ = {isa = PBXBuildFile; fileRef = 6009D67019AC77D3006F568F /* CCLAppDelegate.m */; };
		6009D67419AC77D3006F568F /* MainMenu.xib in Resources */ = {isa = PBXBuildFile; fileRef = 6009D67219AC77D3006F568F /* MainMenu.xib */; };
		6009D67619AC77D3006F568F /* Images.xcassets in Resources */ = {isa = PBXBuildFile; fileRef = 6009D67519AC77D3006F568F /* Images.xcassets */; };
		6009D67D19AC77D4006F568F /* XCTest.framework in Frameworks */ = {isa = PBXBuildFile; fileRef = 6009D67C19AC77D4006F568F /* XCTest.framework */; };
		6009D67E19AC77D4006F568F /* Cocoa.framework in Frameworks */ = {isa = PBXBuildFile; fileRef = 6009D65D19AC77D3006F568F /* Cocoa.framework */; };
		6009D68619AC77D4006F568F /* InfoPlist.strings in Resources */ = {isa = PBXBuildFile; fileRef = 6009D68419AC77D4006F568F /* InfoPlist.strings */; };
		6009D69419AC7D5A006F568F /* CCLCalendarViewController.m in Sources */ = {isa = PBXBuildFile; fileRef = 6009D69319AC7D5A006F568F /* CCLCalendarViewController.m */; };
		6009D69719AC8107006F568F /* CCLDayCellView.m in Sources */ = {isa = PBXBuildFile; fileRef = 6009D69619AC8107006F568F /* CCLDayCellView.m */; };
		6009D69A19ACC0CC006F568F /* CCLCalendarView.m in Sources */ = {isa = PBXBuildFile; fileRef = 6009D69919ACC0CC006F568F /* CCLCalendarView.m */; };
		6009D69D19ACC4CE006F568F /* CCLWeekRowView.m in Sources */ = {isa = PBXBuildFile; fileRef = 6009D69C19ACC4CE006F568F /* CCLWeekRowView.m */; };
		6009D6A119ACDAC0006F568F /* CCLDayDetailRowView.m in Sources */ = {isa = PBXBuildFile; fileRef = 6009D6A019ACDAC0006F568F /* CCLDayDetailRowView.m */; };
		600BA9CE19B45EC000A9ED9B /* CCLCalendarViewModel.m in Sources */ = {isa = PBXBuildFile; fileRef = 600BA9CD19B45EC000A9ED9B /* CCLCalendarViewModel.m */; };
		600BA9D219B4669F00A9ED9B /* CCLCalendarViewModelTest.m in Sources */ = {isa = PBXBuildFile; fileRef = 600BA9D119B4669F00A9ED9B /* CCLCalendarViewModelTest.m */; };
		601627EB19BEED21006B7505 /* CCLCalendarData.m in Sources */ = {isa = PBXBuildFile; fileRef = 601627EA19BEED21006B7505 /* CCLCalendarData.m */; };
		601627ED19BEF7E0006B7505 /* CCLCalendarDataTest.m in Sources */ = {isa = PBXBuildFile; fileRef = 601627EC19BEF7E0006B7505 /* CCLCalendarDataTest.m */; };
		601627F119BEFED1006B7505 /* TestObjectProvider.m in Sources */ = {isa = PBXBuildFile; fileRef = 601627F019BEFED1006B7505 /* TestObjectProvider.m */; };
		6017336419B5A77F00FDE187 /* CCLDateRangeTest.m in Sources */ = {isa = PBXBuildFile; fileRef = 6017336319B5A77F00FDE187 /* CCLDateRangeTest.m */; };
		6017336E19B5B8F000FDE187 /* CCLMonth.m in Sources */ = {isa = PBXBuildFile; fileRef = 6017336D19B5B8F000FDE187 /* CCLMonth.m */; };
		6017337019B5B8FB00FDE187 /* CCLMonthTest.m in Sources */ = {isa = PBXBuildFile; fileRef = 6017336F19B5B8FB00FDE187 /* CCLMonthTest.m */; };
		6017337619B5BAAF00FDE187 /* CCLMonthsTest.m in Sources */ = {isa = PBXBuildFile; fileRef = 6017337519B5BAAF00FDE187 /* CCLMonthsTest.m */; };
		6056510A19ED5C8E007A2A17 /* CCLBorderedRowView.m in Sources */ = {isa = PBXBuildFile; fileRef = 6056510919ED5C8E007A2A17 /* CCLBorderedRowView.m */; };
		60BEC0F119D06420000B5DE0 /* CCLRowAdjustmentTest.m in Sources */ = {isa = PBXBuildFile; fileRef = 60BEC0F019D06420000B5DE0 /* CCLRowAdjustmentTest.m */; };
		60BEC0F519D0644A000B5DE0 /* CCLRowAdjustment.m in Sources */ = {isa = PBXBuildFile; fileRef = 60BEC0F419D0644A000B5DE0 /* CCLRowAdjustment.m */; };
		60BEC0FD19D176A6000B5DE0 /* CCLCellDayTranslation.m in Sources */ = {isa = PBXBuildFile; fileRef = 60BEC0FC19D176A6000B5DE0 /* CCLCellDayTranslation.m */; };
		60BEC10019D176FC000B5DE0 /* CCLDayLocator.m in Sources */ = {isa = PBXBuildFile; fileRef = 60BEC0FF19D176FC000B5DE0 /* CCLDayLocator.m */; };
		60BEC10219D17928000B5DE0 /* CCLDayLocatorTest.m in Sources */ = {isa = PBXBuildFile; fileRef = 60BEC10119D17928000B5DE0 /* CCLDayLocatorTest.m */; };
		60BEC10419D1C91E000B5DE0 /* CCLCellDayTranslationTest.m in Sources */ = {isa = PBXBuildFile; fileRef = 60BEC10319D1C91E000B5DE0 /* CCLCellDayTranslationTest.m */; };
		60BEC10719D2F793000B5DE0 /* CCLMonthRowView.m in Sources */ = {isa = PBXBuildFile; fileRef = 60BEC10619D2F793000B5DE0 /* CCLMonthRowView.m */; };
		60C354EF19B5BBD0000C14E8 /* CCLMonths.m in Sources */ = {isa = PBXBuildFile; fileRef = 60C354EE19B5BBD0000C14E8 /* CCLMonths.m */; };
		60C354F319B843B2000C14E8 /* CCLCalendarViewControllerTest.m in Sources */ = {isa = PBXBuildFile; fileRef = 60C354F119B84371000C14E8 /* CCLCalendarViewControllerTest.m */; };
		60C354F619B99EE7000C14E8 /* CCLMonthsFactory.m in Sources */ = {isa = PBXBuildFile; fileRef = 60C354F519B99EE7000C14E8 /* CCLMonthsFactory.m */; };
		60C354F819B99EF9000C14E8 /* CCLMonthsFactoryTest.m in Sources */ = {isa = PBXBuildFile; fileRef = 60C354F719B99EF9000C14E8 /* CCLMonthsFactoryTest.m */; };
		60C354FC19B9A43D000C14E8 /* TestCalendarSupplier.m in Sources */ = {isa = PBXBuildFile; fileRef = 60C354FB19B9A43D000C14E8 /* TestCalendarSupplier.m */; };
		60C354FF19BB6467000C14E8 /* CCLDateRange.m in Sources */ = {isa = PBXBuildFile; fileRef = 60C354FE19BB6467000C14E8 /* CCLDateRange.m */; };
		60C3550219BD9F86000C14E8 /* CCLTitleRows.m in Sources */ = {isa = PBXBuildFile; fileRef = 60C3550119BD9F86000C14E8 /* CCLTitleRows.m */; };
		60C3550419BDA13D000C14E8 /* CCLTitleRowsTest.m in Sources */ = {isa = PBXBuildFile; fileRef = 60C3550319BDA13D000C14E8 /* CCLTitleRowsTest.m */; };
		60C3550719BDFA5D000C14E8 /* XCTest+MonthHelper.m in Sources */ = {isa = PBXBuildFile; fileRef = 60C3550619BDFA5D000C14E8 /* XCTest+MonthHelper.m */; };
		60ECAA0919DAEA940036EE81 /* InfoPlist.strings in Resources */ = {isa = PBXBuildFile; fileRef = 60ECAA0819DAEA940036EE81 /* InfoPlist.strings */; };
		60ECAB4A19DC5ED00036EE81 /* libTestingToolkit.a in Frameworks */ = {isa = PBXBuildFile; fileRef = 60ECAB4719DC56510036EE81 /* libTestingToolkit.a */; };
/* End PBXBuildFile section */

/* Begin PBXContainerItemProxy section */
		6009D67F19AC77D4006F568F /* PBXContainerItemProxy */ = {
			isa = PBXContainerItemProxy;
			containerPortal = 6009D65219AC77D3006F568F /* Project object */;
			proxyType = 1;
			remoteGlobalIDString = 6009D65919AC77D3006F568F;
			remoteInfo = CalendarView;
		};
		60ECAB4619DC56510036EE81 /* PBXContainerItemProxy */ = {
			isa = PBXContainerItemProxy;
			containerPortal = 60ECAB4119DC56510036EE81 /* TestingToolkit.xcodeproj */;
			proxyType = 2;
			remoteGlobalIDString = 60ECAB0219DC543B0036EE81;
			remoteInfo = TestingToolkit;
		};
		60ECAB4819DC56510036EE81 /* PBXContainerItemProxy */ = {
			isa = PBXContainerItemProxy;
			containerPortal = 60ECAB4119DC56510036EE81 /* TestingToolkit.xcodeproj */;
			proxyType = 2;
			remoteGlobalIDString = 60ECAB1519DC543B0036EE81;
			remoteInfo = TestingToolkitTests;
		};
/* End PBXContainerItemProxy section */

/* Begin PBXFileReference section */
		60035B9F19B0D214009CADE0 /* CCLCalendarViewController.xib */ = {isa = PBXFileReference; fileEncoding = 4; lastKnownFileType = file.xib; path = CCLCalendarViewController.xib; sourceTree = "<group>"; };
		60035BA219B0D226009CADE0 /* CCLHandlesDaySelection.h */ = {isa = PBXFileReference; lastKnownFileType = sourcecode.c.h; path = CCLHandlesDaySelection.h; sourceTree = "<group>"; };
		60035BA319B0D226009CADE0 /* CCLProvidesCalendarObjects.h */ = {isa = PBXFileReference; lastKnownFileType = sourcecode.c.h; path = CCLProvidesCalendarObjects.h; sourceTree = "<group>"; };
		60035BA419B0D235009CADE0 /* CCLCalendarService.h */ = {isa = PBXFileReference; fileEncoding = 4; lastKnownFileType = sourcecode.c.h; path = CCLCalendarService.h; sourceTree = "<group>"; };
		60035BA519B0D235009CADE0 /* CCLCalendarService.m */ = {isa = PBXFileReference; fileEncoding = 4; lastKnownFileType = sourcecode.c.objc; path = CCLCalendarService.m; sourceTree = "<group>"; };
		60035BA619B0D235009CADE0 /* CCLDisplayCalendar.h */ = {isa = PBXFileReference; fileEncoding = 4; lastKnownFileType = sourcecode.c.h; path = CCLDisplayCalendar.h; sourceTree = "<group>"; };
		60035BA719B0D235009CADE0 /* CCLDisplayCalendar.m */ = {isa = PBXFileReference; fileEncoding = 4; lastKnownFileType = sourcecode.c.objc; path = CCLDisplayCalendar.m; sourceTree = "<group>"; };
		60035BAD19B0D2D6009CADE0 /* CCLDayCellSelection.h */ = {isa = PBXFileReference; fileEncoding = 4; lastKnownFileType = sourcecode.c.h; path = CCLDayCellSelection.h; sourceTree = "<group>"; };
		60035BAE19B0D2D6009CADE0 /* CCLDayCellSelection.m */ = {isa = PBXFileReference; fileEncoding = 4; lastKnownFileType = sourcecode.c.objc; path = CCLDayCellSelection.m; sourceTree = "<group>"; };
		6009D65A19AC77D3006F568F /* CalendarViewExample.app */ = {isa = PBXFileReference; explicitFileType = wrapper.application; includeInIndex = 0; path = CalendarViewExample.app; sourceTree = BUILT_PRODUCTS_DIR; };
		6009D65D19AC77D3006F568F /* Cocoa.framework */ = {isa = PBXFileReference; lastKnownFileType = wrapper.framework; name = Cocoa.framework; path = System/Library/Frameworks/Cocoa.framework; sourceTree = SDKROOT; };
		6009D66019AC77D3006F568F /* AppKit.framework */ = {isa = PBXFileReference; lastKnownFileType = wrapper.framework; name = AppKit.framework; path = System/Library/Frameworks/AppKit.framework; sourceTree = SDKROOT; };
		6009D66119AC77D3006F568F /* CoreData.framework */ = {isa = PBXFileReference; lastKnownFileType = wrapper.framework; name = CoreData.framework; path = System/Library/Frameworks/CoreData.framework; sourceTree = SDKROOT; };
		6009D66219AC77D3006F568F /* Foundation.framework */ = {isa = PBXFileReference; lastKnownFileType = wrapper.framework; name = Foundation.framework; path = System/Library/Frameworks/Foundation.framework; sourceTree = SDKROOT; };
		6009D66519AC77D3006F568F /* CalendarViewExample-Info.plist */ = {isa = PBXFileReference; lastKnownFileType = text.plist.xml; name = "CalendarViewExample-Info.plist"; path = "../CalendarViewExample/CalendarViewExample-Info.plist"; sourceTree = "<group>"; };
		6009D66919AC77D3006F568F /* main.m */ = {isa = PBXFileReference; lastKnownFileType = sourcecode.c.objc; name = main.m; path = ../CalendarViewExample/main.m; sourceTree = "<group>"; };
		6009D66B19AC77D3006F568F /* CalendarViewExample-Prefix.pch */ = {isa = PBXFileReference; lastKnownFileType = sourcecode.c.h; name = "CalendarViewExample-Prefix.pch"; path = "../CalendarViewExample/CalendarViewExample-Prefix.pch"; sourceTree = "<group>"; };
		6009D66D19AC77D3006F568F /* en */ = {isa = PBXFileReference; lastKnownFileType = text.rtf; name = en; path = en.lproj/Credits.rtf; sourceTree = "<group>"; };
		6009D66F19AC77D3006F568F /* CCLAppDelegate.h */ = {isa = PBXFileReference; lastKnownFileType = sourcecode.c.h; path = CCLAppDelegate.h; sourceTree = "<group>"; };
		6009D67019AC77D3006F568F /* CCLAppDelegate.m */ = {isa = PBXFileReference; lastKnownFileType = sourcecode.c.objc; path = CCLAppDelegate.m; sourceTree = "<group>"; };
		6009D67319AC77D3006F568F /* Base */ = {isa = PBXFileReference; lastKnownFileType = file.xib; name = Base; path = Base.lproj/MainMenu.xib; sourceTree = "<group>"; };
		6009D67519AC77D3006F568F /* Images.xcassets */ = {isa = PBXFileReference; lastKnownFileType = folder.assetcatalog; name = Images.xcassets; path = ../CalendarViewExample/Images.xcassets; sourceTree = "<group>"; };
		6009D67B19AC77D4006F568F /* CalendarViewTests.xctest */ = {isa = PBXFileReference; explicitFileType = wrapper.cfbundle; includeInIndex = 0; path = CalendarViewTests.xctest; sourceTree = BUILT_PRODUCTS_DIR; };
		6009D67C19AC77D4006F568F /* XCTest.framework */ = {isa = PBXFileReference; lastKnownFileType = wrapper.framework; name = XCTest.framework; path = Library/Frameworks/XCTest.framework; sourceTree = DEVELOPER_DIR; };
		6009D68319AC77D4006F568F /* CalendarViewTests-Info.plist */ = {isa = PBXFileReference; lastKnownFileType = text.plist.xml; path = "CalendarViewTests-Info.plist"; sourceTree = "<group>"; };
		6009D68519AC77D4006F568F /* en */ = {isa = PBXFileReference; lastKnownFileType = text.plist.strings; name = en; path = en.lproj/InfoPlist.strings; sourceTree = "<group>"; };
		6009D69219AC7D59006F568F /* CCLCalendarViewController.h */ = {isa = PBXFileReference; fileEncoding = 4; lastKnownFileType = sourcecode.c.h; path = CCLCalendarViewController.h; sourceTree = "<group>"; };
		6009D69319AC7D5A006F568F /* CCLCalendarViewController.m */ = {isa = PBXFileReference; fileEncoding = 4; lastKnownFileType = sourcecode.c.objc; path = CCLCalendarViewController.m; sourceTree = "<group>"; };
		6009D69519AC8107006F568F /* CCLDayCellView.h */ = {isa = PBXFileReference; fileEncoding = 4; lastKnownFileType = sourcecode.c.h; path = CCLDayCellView.h; sourceTree = "<group>"; };
		6009D69619AC8107006F568F /* CCLDayCellView.m */ = {isa = PBXFileReference; fileEncoding = 4; lastKnownFileType = sourcecode.c.objc; path = CCLDayCellView.m; sourceTree = "<group>"; };
		6009D69819ACC0CB006F568F /* CCLCalendarView.h */ = {isa = PBXFileReference; fileEncoding = 4; lastKnownFileType = sourcecode.c.h; path = CCLCalendarView.h; sourceTree = "<group>"; };
		6009D69919ACC0CC006F568F /* CCLCalendarView.m */ = {isa = PBXFileReference; fileEncoding = 4; lastKnownFileType = sourcecode.c.objc; path = CCLCalendarView.m; sourceTree = "<group>"; };
		6009D69B19ACC4CE006F568F /* CCLWeekRowView.h */ = {isa = PBXFileReference; fileEncoding = 4; lastKnownFileType = sourcecode.c.h; path = CCLWeekRowView.h; sourceTree = "<group>"; };
		6009D69C19ACC4CE006F568F /* CCLWeekRowView.m */ = {isa = PBXFileReference; fileEncoding = 4; lastKnownFileType = sourcecode.c.objc; path = CCLWeekRowView.m; sourceTree = "<group>"; };
		6009D69E19ACC868006F568F /* CCLCalendarViewDelegate.h */ = {isa = PBXFileReference; lastKnownFileType = sourcecode.c.h; path = CCLCalendarViewDelegate.h; sourceTree = "<group>"; };
		6009D69F19ACDAC0006F568F /* CCLDayDetailRowView.h */ = {isa = PBXFileReference; fileEncoding = 4; lastKnownFileType = sourcecode.c.h; path = CCLDayDetailRowView.h; sourceTree = "<group>"; };
		6009D6A019ACDAC0006F568F /* CCLDayDetailRowView.m */ = {isa = PBXFileReference; fileEncoding = 4; lastKnownFileType = sourcecode.c.objc; path = CCLDayDetailRowView.m; sourceTree = "<group>"; };
		600BA9CC19B45EC000A9ED9B /* CCLCalendarViewModel.h */ = {isa = PBXFileReference; fileEncoding = 4; lastKnownFileType = sourcecode.c.h; path = CCLCalendarViewModel.h; sourceTree = "<group>"; };
		600BA9CD19B45EC000A9ED9B /* CCLCalendarViewModel.m */ = {isa = PBXFileReference; fileEncoding = 4; lastKnownFileType = sourcecode.c.objc; path = CCLCalendarViewModel.m; sourceTree = "<group>"; };
		600BA9D119B4669F00A9ED9B /* CCLCalendarViewModelTest.m */ = {isa = PBXFileReference; fileEncoding = 4; lastKnownFileType = sourcecode.c.objc; path = CCLCalendarViewModelTest.m; sourceTree = "<group>"; };
		601627E919BEED21006B7505 /* CCLCalendarData.h */ = {isa = PBXFileReference; fileEncoding = 4; lastKnownFileType = sourcecode.c.h; path = CCLCalendarData.h; sourceTree = "<group>"; };
		601627EA19BEED21006B7505 /* CCLCalendarData.m */ = {isa = PBXFileReference; fileEncoding = 4; lastKnownFileType = sourcecode.c.objc; path = CCLCalendarData.m; sourceTree = "<group>"; };
		601627EC19BEF7E0006B7505 /* CCLCalendarDataTest.m */ = {isa = PBXFileReference; fileEncoding = 4; lastKnownFileType = sourcecode.c.objc; path = CCLCalendarDataTest.m; sourceTree = "<group>"; };
		601627EF19BEFED1006B7505 /* TestObjectProvider.h */ = {isa = PBXFileReference; fileEncoding = 4; lastKnownFileType = sourcecode.c.h; path = TestObjectProvider.h; sourceTree = "<group>"; };
		601627F019BEFED1006B7505 /* TestObjectProvider.m */ = {isa = PBXFileReference; fileEncoding = 4; lastKnownFileType = sourcecode.c.objc; path = TestObjectProvider.m; sourceTree = "<group>"; };
		6017336319B5A77F00FDE187 /* CCLDateRangeTest.m */ = {isa = PBXFileReference; fileEncoding = 4; lastKnownFileType = sourcecode.c.objc; path = CCLDateRangeTest.m; sourceTree = "<group>"; };
		6017336C19B5B8F000FDE187 /* CCLMonth.h */ = {isa = PBXFileReference; fileEncoding = 4; lastKnownFileType = sourcecode.c.h; path = CCLMonth.h; sourceTree = "<group>"; };
		6017336D19B5B8F000FDE187 /* CCLMonth.m */ = {isa = PBXFileReference; fileEncoding = 4; lastKnownFileType = sourcecode.c.objc; path = CCLMonth.m; sourceTree = "<group>"; };
		6017336F19B5B8FB00FDE187 /* CCLMonthTest.m */ = {isa = PBXFileReference; fileEncoding = 4; lastKnownFileType = sourcecode.c.objc; path = CCLMonthTest.m; sourceTree = "<group>"; };
		6017337519B5BAAF00FDE187 /* CCLMonthsTest.m */ = {isa = PBXFileReference; fileEncoding = 4; lastKnownFileType = sourcecode.c.objc; path = CCLMonthsTest.m; sourceTree = "<group>"; };
		6019962E19CAD09C00EED575 /* CCLHandlesDayCellSelection.h */ = {isa = PBXFileReference; lastKnownFileType = sourcecode.c.h; path = CCLHandlesDayCellSelection.h; sourceTree = "<group>"; };
		6056510819ED5C8E007A2A17 /* CCLBorderedRowView.h */ = {isa = PBXFileReference; fileEncoding = 4; lastKnownFileType = sourcecode.c.h; path = CCLBorderedRowView.h; sourceTree = "<group>"; };
		6056510919ED5C8E007A2A17 /* CCLBorderedRowView.m */ = {isa = PBXFileReference; fileEncoding = 4; lastKnownFileType = sourcecode.c.objc; path = CCLBorderedRowView.m; sourceTree = "<group>"; };
		6075AE3919ED3FC100152909 /* CCLProvidesDetailView.h */ = {isa = PBXFileReference; lastKnownFileType = sourcecode.c.h; path = CCLProvidesDetailView.h; sourceTree = "<group>"; };
		60BEC0F019D06420000B5DE0 /* CCLRowAdjustmentTest.m */ = {isa = PBXFileReference; fileEncoding = 4; lastKnownFileType = sourcecode.c.objc; path = CCLRowAdjustmentTest.m; sourceTree = "<group>"; };
		60BEC0F319D0644A000B5DE0 /* CCLRowAdjustment.h */ = {isa = PBXFileReference; fileEncoding = 4; lastKnownFileType = sourcecode.c.h; path = CCLRowAdjustment.h; sourceTree = "<group>"; };
		60BEC0F419D0644A000B5DE0 /* CCLRowAdjustment.m */ = {isa = PBXFileReference; fileEncoding = 4; lastKnownFileType = sourcecode.c.objc; path = CCLRowAdjustment.m; sourceTree = "<group>"; };
		60BEC0F919D065EB000B5DE0 /* CCLProvidesTableData.h */ = {isa = PBXFileReference; lastKnownFileType = sourcecode.c.h; path = CCLProvidesTableData.h; sourceTree = "<group>"; };
		60BEC0FA19D06810000B5DE0 /* CCLTableDataTypes.h */ = {isa = PBXFileReference; lastKnownFileType = sourcecode.c.h; path = CCLTableDataTypes.h; sourceTree = "<group>"; };
		60BEC0FB19D176A5000B5DE0 /* CCLCellDayTranslation.h */ = {isa = PBXFileReference; fileEncoding = 4; lastKnownFileType = sourcecode.c.h; path = CCLCellDayTranslation.h; sourceTree = "<group>"; };
		60BEC0FC19D176A6000B5DE0 /* CCLCellDayTranslation.m */ = {isa = PBXFileReference; fileEncoding = 4; lastKnownFileType = sourcecode.c.objc; path = CCLCellDayTranslation.m; sourceTree = "<group>"; };
		60BEC0FE19D176FC000B5DE0 /* CCLDayLocator.h */ = {isa = PBXFileReference; fileEncoding = 4; lastKnownFileType = sourcecode.c.h; path = CCLDayLocator.h; sourceTree = "<group>"; };
		60BEC0FF19D176FC000B5DE0 /* CCLDayLocator.m */ = {isa = PBXFileReference; fileEncoding = 4; lastKnownFileType = sourcecode.c.objc; path = CCLDayLocator.m; sourceTree = "<group>"; };
		60BEC10119D17928000B5DE0 /* CCLDayLocatorTest.m */ = {isa = PBXFileReference; fileEncoding = 4; lastKnownFileType = sourcecode.c.objc; path = CCLDayLocatorTest.m; sourceTree = "<group>"; };
		60BEC10319D1C91E000B5DE0 /* CCLCellDayTranslationTest.m */ = {isa = PBXFileReference; fileEncoding = 4; lastKnownFileType = sourcecode.c.objc; path = CCLCellDayTranslationTest.m; sourceTree = "<group>"; };
		60BEC10519D2F793000B5DE0 /* CCLMonthRowView.h */ = {isa = PBXFileReference; fileEncoding = 4; lastKnownFileType = sourcecode.c.h; path = CCLMonthRowView.h; sourceTree = "<group>"; };
		60BEC10619D2F793000B5DE0 /* CCLMonthRowView.m */ = {isa = PBXFileReference; fileEncoding = 4; lastKnownFileType = sourcecode.c.objc; path = CCLMonthRowView.m; sourceTree = "<group>"; };
		60C354ED19B5BBD0000C14E8 /* CCLMonths.h */ = {isa = PBXFileReference; fileEncoding = 4; lastKnownFileType = sourcecode.c.h; path = CCLMonths.h; sourceTree = "<group>"; };
		60C354EE19B5BBD0000C14E8 /* CCLMonths.m */ = {isa = PBXFileReference; fileEncoding = 4; lastKnownFileType = sourcecode.c.objc; path = CCLMonths.m; sourceTree = "<group>"; };
		60C354F119B84371000C14E8 /* CCLCalendarViewControllerTest.m */ = {isa = PBXFileReference; fileEncoding = 4; lastKnownFileType = sourcecode.c.objc; name = CCLCalendarViewControllerTest.m; path = CalendarViewTests/CCLCalendarViewControllerTest.m; sourceTree = SOURCE_ROOT; };
		60C354F419B99EE7000C14E8 /* CCLMonthsFactory.h */ = {isa = PBXFileReference; fileEncoding = 4; lastKnownFileType = sourcecode.c.h; path = CCLMonthsFactory.h; sourceTree = "<group>"; };
		60C354F519B99EE7000C14E8 /* CCLMonthsFactory.m */ = {isa = PBXFileReference; fileEncoding = 4; lastKnownFileType = sourcecode.c.objc; path = CCLMonthsFactory.m; sourceTree = "<group>"; };
		60C354F719B99EF9000C14E8 /* CCLMonthsFactoryTest.m */ = {isa = PBXFileReference; fileEncoding = 4; lastKnownFileType = sourcecode.c.objc; path = CCLMonthsFactoryTest.m; sourceTree = "<group>"; };
		60C354FA19B9A43D000C14E8 /* TestCalendarSupplier.h */ = {isa = PBXFileReference; fileEncoding = 4; lastKnownFileType = sourcecode.c.h; path = TestCalendarSupplier.h; sourceTree = "<group>"; };
		60C354FB19B9A43D000C14E8 /* TestCalendarSupplier.m */ = {isa = PBXFileReference; fileEncoding = 4; lastKnownFileType = sourcecode.c.objc; path = TestCalendarSupplier.m; sourceTree = "<group>"; };
		60C354FD19BB6467000C14E8 /* CCLDateRange.h */ = {isa = PBXFileReference; fileEncoding = 4; lastKnownFileType = sourcecode.c.h; path = CCLDateRange.h; sourceTree = "<group>"; };
		60C354FE19BB6467000C14E8 /* CCLDateRange.m */ = {isa = PBXFileReference; fileEncoding = 4; lastKnownFileType = sourcecode.c.objc; path = CCLDateRange.m; sourceTree = "<group>"; };
		60C3550019BD9F86000C14E8 /* CCLTitleRows.h */ = {isa = PBXFileReference; fileEncoding = 4; lastKnownFileType = sourcecode.c.h; path = CCLTitleRows.h; sourceTree = "<group>"; };
		60C3550119BD9F86000C14E8 /* CCLTitleRows.m */ = {isa = PBXFileReference; fileEncoding = 4; lastKnownFileType = sourcecode.c.objc; path = CCLTitleRows.m; sourceTree = "<group>"; };
		60C3550319BDA13D000C14E8 /* CCLTitleRowsTest.m */ = {isa = PBXFileReference; fileEncoding = 4; lastKnownFileType = sourcecode.c.objc; path = CCLTitleRowsTest.m; sourceTree = "<group>"; };
		60C3550519BDFA5D000C14E8 /* XCTest+MonthHelper.h */ = {isa = PBXFileReference; fileEncoding = 4; lastKnownFileType = sourcecode.c.h; path = "XCTest+MonthHelper.h"; sourceTree = "<group>"; };
		60C3550619BDFA5D000C14E8 /* XCTest+MonthHelper.m */ = {isa = PBXFileReference; fileEncoding = 4; lastKnownFileType = sourcecode.c.objc; path = "XCTest+MonthHelper.m"; sourceTree = "<group>"; };
		60ECAA0819DAEA940036EE81 /* InfoPlist.strings */ = {isa = PBXFileReference; fileEncoding = 4; lastKnownFileType = text.plist.strings; name = InfoPlist.strings; path = ../CalendarViewExample/InfoPlist.strings; sourceTree = "<group>"; };
		60ECAB4119DC56510036EE81 /* TestingToolkit.xcodeproj */ = {isa = PBXFileReference; lastKnownFileType = "wrapper.pb-project"; name = TestingToolkit.xcodeproj; path = External/TestingToolkit/TestingToolkit.xcodeproj; sourceTree = "<group>"; };
/* End PBXFileReference section */

/* Begin PBXFrameworksBuildPhase section */
		6009D65719AC77D3006F568F /* Frameworks */ = {
			isa = PBXFrameworksBuildPhase;
			buildActionMask = 2147483647;
			files = (
				6009D65E19AC77D3006F568F /* Cocoa.framework in Frameworks */,
				60ECAB4A19DC5ED00036EE81 /* libTestingToolkit.a in Frameworks */,
			);
			runOnlyForDeploymentPostprocessing = 0;
		};
		6009D67819AC77D4006F568F /* Frameworks */ = {
			isa = PBXFrameworksBuildPhase;
			buildActionMask = 2147483647;
			files = (
				6009D67E19AC77D4006F568F /* Cocoa.framework in Frameworks */,
				6009D67D19AC77D4006F568F /* XCTest.framework in Frameworks */,
			);
			runOnlyForDeploymentPostprocessing = 0;
		};
/* End PBXFrameworksBuildPhase section */

/* Begin PBXGroup section */
		60035BA119B0D218009CADE0 /* Calendar View */ = {
			isa = PBXGroup;
			children = (
				6009D69219AC7D59006F568F /* CCLCalendarViewController.h */,
				6009D69319AC7D5A006F568F /* CCLCalendarViewController.m */,
				60035B9F19B0D214009CADE0 /* CCLCalendarViewController.xib */,
				60035BAC19B0D2B8009CADE0 /* Calendar Table View */,
			);
			name = "Calendar View";
			sourceTree = "<group>";
		};
		60035BAB19B0D243009CADE0 /* Calendar Application */ = {
			isa = PBXGroup;
			children = (
				60035BA619B0D235009CADE0 /* CCLDisplayCalendar.h */,
				60035BA719B0D235009CADE0 /* CCLDisplayCalendar.m */,
				60035BA319B0D226009CADE0 /* CCLProvidesCalendarObjects.h */,
				60035BA219B0D226009CADE0 /* CCLHandlesDaySelection.h */,
				6075AE3919ED3FC100152909 /* CCLProvidesDetailView.h */,
				60BEC0F219D06433000B5DE0 /* Table Model */,
				60035BA119B0D218009CADE0 /* Calendar View */,
			);
			name = "Calendar Application";
			sourceTree = "<group>";
		};
		60035BAC19B0D2B8009CADE0 /* Calendar Table View */ = {
			isa = PBXGroup;
			children = (
				6009D69819ACC0CB006F568F /* CCLCalendarView.h */,
				6009D69919ACC0CC006F568F /* CCLCalendarView.m */,
				6009D69E19ACC868006F568F /* CCLCalendarViewDelegate.h */,
				60BEC10519D2F793000B5DE0 /* CCLMonthRowView.h */,
				60BEC10619D2F793000B5DE0 /* CCLMonthRowView.m */,
				6056510819ED5C8E007A2A17 /* CCLBorderedRowView.h */,
				6056510919ED5C8E007A2A17 /* CCLBorderedRowView.m */,
				6009D69B19ACC4CE006F568F /* CCLWeekRowView.h */,
				6009D69C19ACC4CE006F568F /* CCLWeekRowView.m */,
				6009D69F19ACDAC0006F568F /* CCLDayDetailRowView.h */,
				6009D6A019ACDAC0006F568F /* CCLDayDetailRowView.m */,
				6009D69519AC8107006F568F /* CCLDayCellView.h */,
				6009D69619AC8107006F568F /* CCLDayCellView.m */,
			);
			name = "Calendar Table View";
			sourceTree = "<group>";
		};
		6009D65119AC77D3006F568F = {
			isa = PBXGroup;
			children = (
				60ECAA0719DAE9C20036EE81 /* CalendarViewExample */,
				6009D66319AC77D3006F568F /* CalendarView */,
				6009D68119AC77D4006F568F /* CalendarViewTests */,
				6009D65C19AC77D3006F568F /* Frameworks */,
				6009D65B19AC77D3006F568F /* Products */,
				60ECAB4119DC56510036EE81 /* TestingToolkit.xcodeproj */,
			);
			sourceTree = "<group>";
		};
		6009D65B19AC77D3006F568F /* Products */ = {
			isa = PBXGroup;
			children = (
				6009D65A19AC77D3006F568F /* CalendarViewExample.app */,
				6009D67B19AC77D4006F568F /* CalendarViewTests.xctest */,
			);
			name = Products;
			sourceTree = "<group>";
		};
		6009D65C19AC77D3006F568F /* Frameworks */ = {
			isa = PBXGroup;
			children = (
				6009D65D19AC77D3006F568F /* Cocoa.framework */,
				6009D67C19AC77D4006F568F /* XCTest.framework */,
				6009D65F19AC77D3006F568F /* Other Frameworks */,
			);
			name = Frameworks;
			sourceTree = "<group>";
		};
		6009D65F19AC77D3006F568F /* Other Frameworks */ = {
			isa = PBXGroup;
			children = (
				6009D66019AC77D3006F568F /* AppKit.framework */,
				6009D66119AC77D3006F568F /* CoreData.framework */,
				6009D66219AC77D3006F568F /* Foundation.framework */,
			);
			name = "Other Frameworks";
			sourceTree = "<group>";
		};
		6009D66319AC77D3006F568F /* CalendarView */ = {
			isa = PBXGroup;
			children = (
				60C354F019B84142000C14E8 /* Calendar Model */,
				60035BAB19B0D243009CADE0 /* Calendar Application */,
			);
			path = CalendarView;
			sourceTree = "<group>";
		};
		6009D66419AC77D3006F568F /* Supporting Files */ = {
			isa = PBXGroup;
			children = (
				6009D66519AC77D3006F568F /* CalendarViewExample-Info.plist */,
				60ECAA0819DAEA940036EE81 /* InfoPlist.strings */,
				6009D66919AC77D3006F568F /* main.m */,
				6009D66B19AC77D3006F568F /* CalendarViewExample-Prefix.pch */,
				6009D66C19AC77D3006F568F /* Credits.rtf */,
			);
			name = "Supporting Files";
			path = ../CalendarView;
			sourceTree = "<group>";
		};
		6009D68119AC77D4006F568F /* CalendarViewTests */ = {
			isa = PBXGroup;
			children = (
				6009D68219AC77D4006F568F /* Supporting Files */,
				600BA9D119B4669F00A9ED9B /* CCLCalendarViewModelTest.m */,
				60C354F119B84371000C14E8 /* CCLCalendarViewControllerTest.m */,
				6017336319B5A77F00FDE187 /* CCLDateRangeTest.m */,
				60C354F719B99EF9000C14E8 /* CCLMonthsFactoryTest.m */,
				6017336F19B5B8FB00FDE187 /* CCLMonthTest.m */,
				6017337519B5BAAF00FDE187 /* CCLMonthsTest.m */,
				60C3550319BDA13D000C14E8 /* CCLTitleRowsTest.m */,
				601627EC19BEF7E0006B7505 /* CCLCalendarDataTest.m */,
				60BEC0F019D06420000B5DE0 /* CCLRowAdjustmentTest.m */,
				60BEC10119D17928000B5DE0 /* CCLDayLocatorTest.m */,
				60BEC10319D1C91E000B5DE0 /* CCLCellDayTranslationTest.m */,
				60C354F919B9A42C000C14E8 /* Helpers */,
			);
			path = CalendarViewTests;
			sourceTree = "<group>";
		};
		6009D68219AC77D4006F568F /* Supporting Files */ = {
			isa = PBXGroup;
			children = (
				6009D68319AC77D4006F568F /* CalendarViewTests-Info.plist */,
				6009D68419AC77D4006F568F /* InfoPlist.strings */,
			);
			name = "Supporting Files";
			sourceTree = "<group>";
		};
		6009D69119AC77DE006F568F /* Resources */ = {
			isa = PBXGroup;
			children = (
				6009D67219AC77D3006F568F /* MainMenu.xib */,
				6009D67519AC77D3006F568F /* Images.xcassets */,
			);
			name = Resources;
			path = ../CalendarView;
			sourceTree = "<group>";
		};
		60BEC0F219D06433000B5DE0 /* Table Model */ = {
			isa = PBXGroup;
			children = (
				60BEC0F919D065EB000B5DE0 /* CCLProvidesTableData.h */,
				60BEC0FA19D06810000B5DE0 /* CCLTableDataTypes.h */,
				60ECAA0A19DAECF30036EE81 /* Handling Cell Selection */,
				60ECAA0B19DAED1A0036EE81 /* Static Table Data */,
			);
			name = "Table Model";
			sourceTree = "<group>";
		};
		60C354F019B84142000C14E8 /* Calendar Model */ = {
			isa = PBXGroup;
			children = (
				60C354FD19BB6467000C14E8 /* CCLDateRange.h */,
				60C354FE19BB6467000C14E8 /* CCLDateRange.m */,
				60C354F419B99EE7000C14E8 /* CCLMonthsFactory.h */,
				60C354F519B99EE7000C14E8 /* CCLMonthsFactory.m */,
				60C354ED19B5BBD0000C14E8 /* CCLMonths.h */,
				60C354EE19B5BBD0000C14E8 /* CCLMonths.m */,
				6017336C19B5B8F000FDE187 /* CCLMonth.h */,
				6017336D19B5B8F000FDE187 /* CCLMonth.m */,
			);
			name = "Calendar Model";
			sourceTree = "<group>";
		};
		60C354F919B9A42C000C14E8 /* Helpers */ = {
			isa = PBXGroup;
			children = (
				60C3550519BDFA5D000C14E8 /* XCTest+MonthHelper.h */,
				60C3550619BDFA5D000C14E8 /* XCTest+MonthHelper.m */,
				60C354FA19B9A43D000C14E8 /* TestCalendarSupplier.h */,
				60C354FB19B9A43D000C14E8 /* TestCalendarSupplier.m */,
				601627EF19BEFED1006B7505 /* TestObjectProvider.h */,
				601627F019BEFED1006B7505 /* TestObjectProvider.m */,
			);
			name = Helpers;
			sourceTree = "<group>";
		};
		60ECAA0719DAE9C20036EE81 /* CalendarViewExample */ = {
			isa = PBXGroup;
			children = (
				6009D66F19AC77D3006F568F /* CCLAppDelegate.h */,
				6009D67019AC77D3006F568F /* CCLAppDelegate.m */,
				60035BA419B0D235009CADE0 /* CCLCalendarService.h */,
				60035BA519B0D235009CADE0 /* CCLCalendarService.m */,
				6009D66419AC77D3006F568F /* Supporting Files */,
				6009D69119AC77DE006F568F /* Resources */,
			);
			path = CalendarViewExample;
			sourceTree = "<group>";
		};
		60ECAA0A19DAECF30036EE81 /* Handling Cell Selection */ = {
			isa = PBXGroup;
			children = (
				6019962E19CAD09C00EED575 /* CCLHandlesDayCellSelection.h */,
				60BEC0F319D0644A000B5DE0 /* CCLRowAdjustment.h */,
				60BEC0F419D0644A000B5DE0 /* CCLRowAdjustment.m */,
				60035BAD19B0D2D6009CADE0 /* CCLDayCellSelection.h */,
				60035BAE19B0D2D6009CADE0 /* CCLDayCellSelection.m */,
			);
			name = "Handling Cell Selection";
			sourceTree = "<group>";
		};
		60ECAA0B19DAED1A0036EE81 /* Static Table Data */ = {
			isa = PBXGroup;
			children = (
				600BA9CC19B45EC000A9ED9B /* CCLCalendarViewModel.h */,
				600BA9CD19B45EC000A9ED9B /* CCLCalendarViewModel.m */,
				601627E919BEED21006B7505 /* CCLCalendarData.h */,
				601627EA19BEED21006B7505 /* CCLCalendarData.m */,
				60C3550019BD9F86000C14E8 /* CCLTitleRows.h */,
				60C3550119BD9F86000C14E8 /* CCLTitleRows.m */,
				60BEC0FB19D176A5000B5DE0 /* CCLCellDayTranslation.h */,
				60BEC0FC19D176A6000B5DE0 /* CCLCellDayTranslation.m */,
				60BEC0FE19D176FC000B5DE0 /* CCLDayLocator.h */,
				60BEC0FF19D176FC000B5DE0 /* CCLDayLocator.m */,
			);
			name = "Static Table Data";
			sourceTree = "<group>";
		};
		60ECAB4219DC56510036EE81 /* Products */ = {
			isa = PBXGroup;
			children = (
				60ECAB4719DC56510036EE81 /* libTestingToolkit.a */,
				60ECAB4919DC56510036EE81 /* TestingToolkitTests.xctest */,
			);
			name = Products;
			sourceTree = "<group>";
		};
/* End PBXGroup section */

/* Begin PBXNativeTarget section */
		6009D65919AC77D3006F568F /* CalendarViewExample */ = {
			isa = PBXNativeTarget;
			buildConfigurationList = 6009D68B19AC77D4006F568F /* Build configuration list for PBXNativeTarget "CalendarViewExample" */;
			buildPhases = (
				6009D65619AC77D3006F568F /* Sources */,
				6009D65719AC77D3006F568F /* Frameworks */,
				6009D65819AC77D3006F568F /* Resources */,
			);
			buildRules = (
			);
			dependencies = (
			);
			name = CalendarViewExample;
			productName = CalendarView;
			productReference = 6009D65A19AC77D3006F568F /* CalendarViewExample.app */;
			productType = "com.apple.product-type.application";
		};
		6009D67A19AC77D4006F568F /* CalendarViewTests */ = {
			isa = PBXNativeTarget;
			buildConfigurationList = 6009D68E19AC77D4006F568F /* Build configuration list for PBXNativeTarget "CalendarViewTests" */;
			buildPhases = (
				6009D67719AC77D4006F568F /* Sources */,
				6009D67819AC77D4006F568F /* Frameworks */,
				6009D67919AC77D4006F568F /* Resources */,
			);
			buildRules = (
			);
			dependencies = (
				6009D68019AC77D4006F568F /* PBXTargetDependency */,
			);
			name = CalendarViewTests;
			productName = CalendarViewTests;
			productReference = 6009D67B19AC77D4006F568F /* CalendarViewTests.xctest */;
			productType = "com.apple.product-type.bundle.unit-test";
		};
/* End PBXNativeTarget section */

/* Begin PBXProject section */
		6009D65219AC77D3006F568F /* Project object */ = {
			isa = PBXProject;
			attributes = {
				CLASSPREFIX = CCL;
				LastUpgradeCheck = 0510;
				ORGANIZATIONNAME = "Christian Tietze";
				TargetAttributes = {
					6009D67A19AC77D4006F568F = {
						TestTargetID = 6009D65919AC77D3006F568F;
					};
				};
			};
			buildConfigurationList = 6009D65519AC77D3006F568F /* Build configuration list for PBXProject "CalendarView" */;
			compatibilityVersion = "Xcode 3.2";
			developmentRegion = English;
			hasScannedForEncodings = 0;
			knownRegions = (
				en,
				Base,
			);
			mainGroup = 6009D65119AC77D3006F568F;
			productRefGroup = 6009D65B19AC77D3006F568F /* Products */;
			projectDirPath = "";
			projectReferences = (
				{
					ProductGroup = 60ECAB4219DC56510036EE81 /* Products */;
					ProjectRef = 60ECAB4119DC56510036EE81 /* TestingToolkit.xcodeproj */;
				},
			);
			projectRoot = "";
			targets = (
				6009D65919AC77D3006F568F /* CalendarViewExample */,
				6009D67A19AC77D4006F568F /* CalendarViewTests */,
			);
		};
/* End PBXProject section */

/* Begin PBXReferenceProxy section */
		60ECAB4719DC56510036EE81 /* libTestingToolkit.a */ = {
			isa = PBXReferenceProxy;
			fileType = archive.ar;
			path = libTestingToolkit.a;
			remoteRef = 60ECAB4619DC56510036EE81 /* PBXContainerItemProxy */;
			sourceTree = BUILT_PRODUCTS_DIR;
		};
		60ECAB4919DC56510036EE81 /* TestingToolkitTests.xctest */ = {
			isa = PBXReferenceProxy;
			fileType = wrapper.cfbundle;
			path = TestingToolkitTests.xctest;
			remoteRef = 60ECAB4819DC56510036EE81 /* PBXContainerItemProxy */;
			sourceTree = BUILT_PRODUCTS_DIR;
		};
/* End PBXReferenceProxy section */

/* Begin PBXResourcesBuildPhase section */
		6009D65819AC77D3006F568F /* Resources */ = {
			isa = PBXResourcesBuildPhase;
			buildActionMask = 2147483647;
			files = (
				6009D67619AC77D3006F568F /* Images.xcassets in Resources */,
				6009D66E19AC77D3006F568F /* Credits.rtf in Resources */,
				60035BA019B0D214009CADE0 /* CCLCalendarViewController.xib in Resources */,
				6009D67419AC77D3006F568F /* MainMenu.xib in Resources */,
				60ECAA0919DAEA940036EE81 /* InfoPlist.strings in Resources */,
			);
			runOnlyForDeploymentPostprocessing = 0;
		};
		6009D67919AC77D4006F568F /* Resources */ = {
			isa = PBXResourcesBuildPhase;
			buildActionMask = 2147483647;
			files = (
				6009D68619AC77D4006F568F /* InfoPlist.strings in Resources */,
			);
			runOnlyForDeploymentPostprocessing = 0;
		};
/* End PBXResourcesBuildPhase section */

/* Begin PBXSourcesBuildPhase section */
		6009D65619AC77D3006F568F /* Sources */ = {
			isa = PBXSourcesBuildPhase;
			buildActionMask = 2147483647;
			files = (
				60C354F619B99EE7000C14E8 /* CCLMonthsFactory.m in Sources */,
				60035BA919B0D235009CADE0 /* CCLDisplayCalendar.m in Sources */,
				600BA9CE19B45EC000A9ED9B /* CCLCalendarViewModel.m in Sources */,
				6009D69419AC7D5A006F568F /* CCLCalendarViewController.m in Sources */,
				601627EB19BEED21006B7505 /* CCLCalendarData.m in Sources */,
				60035BAF19B0D2D6009CADE0 /* CCLDayCellSelection.m in Sources */,
				60BEC10019D176FC000B5DE0 /* CCLDayLocator.m in Sources */,
				60C354EF19B5BBD0000C14E8 /* CCLMonths.m in Sources */,
				60BEC0F519D0644A000B5DE0 /* CCLRowAdjustment.m in Sources */,
				6056510A19ED5C8E007A2A17 /* CCLBorderedRowView.m in Sources */,
				6009D66A19AC77D3006F568F /* main.m in Sources */,
				6017336E19B5B8F000FDE187 /* CCLMonth.m in Sources */,
				60BEC10719D2F793000B5DE0 /* CCLMonthRowView.m in Sources */,
				60BEC0FD19D176A6000B5DE0 /* CCLCellDayTranslation.m in Sources */,
				6009D69719AC8107006F568F /* CCLDayCellView.m in Sources */,
				6009D67119AC77D3006F568F /* CCLAppDelegate.m in Sources */,
				60035BA819B0D235009CADE0 /* CCLCalendarService.m in Sources */,
				6009D69D19ACC4CE006F568F /* CCLWeekRowView.m in Sources */,
				6009D6A119ACDAC0006F568F /* CCLDayDetailRowView.m in Sources */,
				6009D69A19ACC0CC006F568F /* CCLCalendarView.m in Sources */,
				60C354FF19BB6467000C14E8 /* CCLDateRange.m in Sources */,
				60C3550219BD9F86000C14E8 /* CCLTitleRows.m in Sources */,
			);
			runOnlyForDeploymentPostprocessing = 0;
		};
		6009D67719AC77D4006F568F /* Sources */ = {
			isa = PBXSourcesBuildPhase;
			buildActionMask = 2147483647;
			files = (
				6017336419B5A77F00FDE187 /* CCLDateRangeTest.m in Sources */,
				60BEC10219D17928000B5DE0 /* CCLDayLocatorTest.m in Sources */,
				6017337619B5BAAF00FDE187 /* CCLMonthsTest.m in Sources */,
				601627ED19BEF7E0006B7505 /* CCLCalendarDataTest.m in Sources */,
				60C354F819B99EF9000C14E8 /* CCLMonthsFactoryTest.m in Sources */,
				60C3550719BDFA5D000C14E8 /* XCTest+MonthHelper.m in Sources */,
				601627F119BEFED1006B7505 /* TestObjectProvider.m in Sources */,
				60BEC0F119D06420000B5DE0 /* CCLRowAdjustmentTest.m in Sources */,
				60C354FC19B9A43D000C14E8 /* TestCalendarSupplier.m in Sources */,
				60BEC10419D1C91E000B5DE0 /* CCLCellDayTranslationTest.m in Sources */,
				60C3550419BDA13D000C14E8 /* CCLTitleRowsTest.m in Sources */,
				6017337019B5B8FB00FDE187 /* CCLMonthTest.m in Sources */,
				600BA9D219B4669F00A9ED9B /* CCLCalendarViewModelTest.m in Sources */,
				60C354F319B843B2000C14E8 /* CCLCalendarViewControllerTest.m in Sources */,
			);
			runOnlyForDeploymentPostprocessing = 0;
		};
/* End PBXSourcesBuildPhase section */

/* Begin PBXTargetDependency section */
		6009D68019AC77D4006F568F /* PBXTargetDependency */ = {
			isa = PBXTargetDependency;
			target = 6009D65919AC77D3006F568F /* CalendarViewExample */;
			targetProxy = 6009D67F19AC77D4006F568F /* PBXContainerItemProxy */;
		};
/* End PBXTargetDependency section */

/* Begin PBXVariantGroup section */
		6009D66C19AC77D3006F568F /* Credits.rtf */ = {
			isa = PBXVariantGroup;
			children = (
				6009D66D19AC77D3006F568F /* en */,
			);
			name = Credits.rtf;
			path = ../CalendarViewExample;
			sourceTree = "<group>";
		};
		6009D67219AC77D3006F568F /* MainMenu.xib */ = {
			isa = PBXVariantGroup;
			children = (
				6009D67319AC77D3006F568F /* Base */,
			);
			name = MainMenu.xib;
			path = ../CalendarViewExample;
			sourceTree = "<group>";
		};
		6009D68419AC77D4006F568F /* InfoPlist.strings */ = {
			isa = PBXVariantGroup;
			children = (
				6009D68519AC77D4006F568F /* en */,
			);
			name = InfoPlist.strings;
			sourceTree = "<group>";
		};
/* End PBXVariantGroup section */

/* Begin XCBuildConfiguration section */
		6009D68919AC77D4006F568F /* Debug */ = {
			isa = XCBuildConfiguration;
			buildSettings = {
				ALWAYS_SEARCH_USER_PATHS = NO;
				CLANG_CXX_LANGUAGE_STANDARD = "gnu++0x";
				CLANG_CXX_LIBRARY = "libc++";
				CLANG_ENABLE_MODULES = YES;
				CLANG_ENABLE_OBJC_ARC = YES;
				CLANG_WARN_BOOL_CONVERSION = YES;
				CLANG_WARN_CONSTANT_CONVERSION = YES;
				CLANG_WARN_DIRECT_OBJC_ISA_USAGE = YES_ERROR;
				CLANG_WARN_EMPTY_BODY = YES;
				CLANG_WARN_ENUM_CONVERSION = YES;
				CLANG_WARN_INT_CONVERSION = YES;
				CLANG_WARN_OBJC_ROOT_CLASS = YES_ERROR;
				CLANG_WARN__DUPLICATE_METHOD_MATCH = YES;
				COPY_PHASE_STRIP = NO;
				GCC_C_LANGUAGE_STANDARD = gnu99;
				GCC_DYNAMIC_NO_PIC = NO;
				GCC_ENABLE_OBJC_EXCEPTIONS = YES;
				GCC_OPTIMIZATION_LEVEL = 0;
				GCC_PREPROCESSOR_DEFINITIONS = (
					"DEBUG=1",
					"$(inherited)",
				);
				GCC_SYMBOLS_PRIVATE_EXTERN = NO;
				GCC_WARN_64_TO_32_BIT_CONVERSION = YES;
				GCC_WARN_ABOUT_RETURN_TYPE = YES_ERROR;
				GCC_WARN_UNDECLARED_SELECTOR = YES;
				GCC_WARN_UNINITIALIZED_AUTOS = YES_AGGRESSIVE;
				GCC_WARN_UNUSED_FUNCTION = YES;
				GCC_WARN_UNUSED_VARIABLE = YES;
				MACOSX_DEPLOYMENT_TARGET = 10.9;
				ONLY_ACTIVE_ARCH = YES;
				SDKROOT = macosx;
				USER_HEADER_SEARCH_PATHS = "$(PROJECT_DIR)/External/TestingToolkit/**";
			};
			name = Debug;
		};
		6009D68A19AC77D4006F568F /* Release */ = {
			isa = XCBuildConfiguration;
			buildSettings = {
				ALWAYS_SEARCH_USER_PATHS = NO;
				CLANG_CXX_LANGUAGE_STANDARD = "gnu++0x";
				CLANG_CXX_LIBRARY = "libc++";
				CLANG_ENABLE_MODULES = YES;
				CLANG_ENABLE_OBJC_ARC = YES;
				CLANG_WARN_BOOL_CONVERSION = YES;
				CLANG_WARN_CONSTANT_CONVERSION = YES;
				CLANG_WARN_DIRECT_OBJC_ISA_USAGE = YES_ERROR;
				CLANG_WARN_EMPTY_BODY = YES;
				CLANG_WARN_ENUM_CONVERSION = YES;
				CLANG_WARN_INT_CONVERSION = YES;
				CLANG_WARN_OBJC_ROOT_CLASS = YES_ERROR;
				CLANG_WARN__DUPLICATE_METHOD_MATCH = YES;
				COPY_PHASE_STRIP = YES;
				DEBUG_INFORMATION_FORMAT = "dwarf-with-dsym";
				ENABLE_NS_ASSERTIONS = NO;
				GCC_C_LANGUAGE_STANDARD = gnu99;
				GCC_ENABLE_OBJC_EXCEPTIONS = YES;
				GCC_WARN_64_TO_32_BIT_CONVERSION = YES;
				GCC_WARN_ABOUT_RETURN_TYPE = YES_ERROR;
				GCC_WARN_UNDECLARED_SELECTOR = YES;
				GCC_WARN_UNINITIALIZED_AUTOS = YES_AGGRESSIVE;
				GCC_WARN_UNUSED_FUNCTION = YES;
				GCC_WARN_UNUSED_VARIABLE = YES;
				MACOSX_DEPLOYMENT_TARGET = 10.9;
				SDKROOT = macosx;
				USER_HEADER_SEARCH_PATHS = "$(PROJECT_DIR)/External/TestingToolkit/**";
			};
			name = Release;
		};
		6009D68C19AC77D4006F568F /* Debug */ = {
			isa = XCBuildConfiguration;
			buildSettings = {
				ASSETCATALOG_COMPILER_APPICON_NAME = AppIcon;
				COMBINE_HIDPI_IMAGES = YES;
				GCC_PRECOMPILE_PREFIX_HEADER = YES;
				GCC_PREFIX_HEADER = "CalendarViewExample/CalendarViewExample-Prefix.pch";
				INFOPLIST_FILE = "$(SRCROOT)/CalendarViewExample/CalendarViewExample-Info.plist";
				PRODUCT_NAME = "$(TARGET_NAME)";
				WRAPPER_EXTENSION = app;
			};
			name = Debug;
		};
		6009D68D19AC77D4006F568F /* Release */ = {
			isa = XCBuildConfiguration;
			buildSettings = {
				ASSETCATALOG_COMPILER_APPICON_NAME = AppIcon;
				COMBINE_HIDPI_IMAGES = YES;
				GCC_PRECOMPILE_PREFIX_HEADER = YES;
				GCC_PREFIX_HEADER = "CalendarViewExample/CalendarViewExample-Prefix.pch";
				INFOPLIST_FILE = "$(SRCROOT)/CalendarViewExample/CalendarViewExample-Info.plist";
				PRODUCT_NAME = "$(TARGET_NAME)";
				WRAPPER_EXTENSION = app;
			};
			name = Release;
		};
		6009D68F19AC77D4006F568F /* Debug */ = {
			isa = XCBuildConfiguration;
			buildSettings = {
				BUNDLE_LOADER = "$(BUILT_PRODUCTS_DIR)/CalendarView.app/Contents/MacOS/CalendarView";
				COMBINE_HIDPI_IMAGES = YES;
				FRAMEWORK_SEARCH_PATHS = (
					"$(DEVELOPER_FRAMEWORKS_DIR)",
					"$(inherited)",
				);
				GCC_PRECOMPILE_PREFIX_HEADER = YES;
				GCC_PREFIX_HEADER = "CalendarView/CalendarView-Prefix.pch";
				GCC_PREPROCESSOR_DEFINITIONS = (
					"DEBUG=1",
					"$(inherited)",
				);
				INFOPLIST_FILE = "CalendarViewTests/CalendarViewTests-Info.plist";
				PRODUCT_NAME = "$(TARGET_NAME)";
				TEST_HOST = "$(BUNDLE_LOADER)";
				WRAPPER_EXTENSION = xctest;
			};
			name = Debug;
		};
		6009D69019AC77D4006F568F /* Release */ = {
			isa = XCBuildConfiguration;
			buildSettings = {
				BUNDLE_LOADER = "$(BUILT_PRODUCTS_DIR)/CalendarView.app/Contents/MacOS/CalendarView";
				COMBINE_HIDPI_IMAGES = YES;
				FRAMEWORK_SEARCH_PATHS = (
					"$(DEVELOPER_FRAMEWORKS_DIR)",
					"$(inherited)",
				);
				GCC_PRECOMPILE_PREFIX_HEADER = YES;
				GCC_PREFIX_HEADER = "CalendarView/CalendarView-Prefix.pch";
				INFOPLIST_FILE = "CalendarViewTests/CalendarViewTests-Info.plist";
				PRODUCT_NAME = "$(TARGET_NAME)";
				TEST_HOST = "$(BUNDLE_LOADER)";
				WRAPPER_EXTENSION = xctest;
			};
			name = Release;
		};
/* End XCBuildConfiguration section */

/* Begin XCConfigurationList section */
		6009D65519AC77D3006F568F /* Build configuration list for PBXProject "CalendarView" */ = {
			isa = XCConfigurationList;
			buildConfigurations = (
				6009D68919AC77D4006F568F /* Debug */,
				6009D68A19AC77D4006F568F /* Release */,
			);
			defaultConfigurationIsVisible = 0;
			defaultConfigurationName = Release;
		};
		6009D68B19AC77D4006F568F /* Build configuration list for PBXNativeTarget "CalendarViewExample" */ = {
			isa = XCConfigurationList;
			buildConfigurations = (
				6009D68C19AC77D4006F568F /* Debug */,
				6009D68D19AC77D4006F568F /* Release */,
			);
			defaultConfigurationIsVisible = 0;
			defaultConfigurationName = Release;
		};
		6009D68E19AC77D4006F568F /* Build configuration list for PBXNativeTarget "CalendarViewTests" */ = {
			isa = XCConfigurationList;
			buildConfigurations = (
				6009D68F19AC77D4006F568F /* Debug */,
				6009D69019AC77D4006F568F /* Release */,
			);
			defaultConfigurationIsVisible = 0;
			defaultConfigurationName = Release;
		};
/* End XCConfigurationList section */
	};
	rootObject = 6009D65219AC77D3006F568F /* Project object */;
}
