// !$*UTF8*$!
{
	archiveVersion = 1;
	classes = {
	};
	objectVersion = 46;
	objects = {

/* Begin PBXBuildFile section */
		5021765122B11BDD00E217E2 /* CalendarView.framework in Frameworks */ = {isa = PBXBuildFile; fileRef = 5021763C22B11BDC00E217E2 /* CalendarView.framework */; };
		5021765222B11BDD00E217E2 /* CalendarView.framework in Embed Frameworks */ = {isa = PBXBuildFile; fileRef = 5021763C22B11BDC00E217E2 /* CalendarView.framework */; settings = {ATTRIBUTES = (CodeSignOnCopy, RemoveHeadersOnCopy, ); }; };
		5021767722B11C1E00E217E2 /* CCLDateRange.m in Sources */ = {isa = PBXBuildFile; fileRef = 60C354FE19BB6467000C14E8 /* CCLDateRange.m */; };
		5021767822B11C1E00E217E2 /* CCLMonthsFactory.m in Sources */ = {isa = PBXBuildFile; fileRef = 60C354F519B99EE7000C14E8 /* CCLMonthsFactory.m */; };
		5021767922B11C1E00E217E2 /* CCLMonths.m in Sources */ = {isa = PBXBuildFile; fileRef = 60C354EE19B5BBD0000C14E8 /* CCLMonths.m */; };
		5021767A22B11C1E00E217E2 /* CCLMonth.m in Sources */ = {isa = PBXBuildFile; fileRef = 6017336D19B5B8F000FDE187 /* CCLMonth.m */; };
		5021767B22B11C1E00E217E2 /* CCLDisplayCalendar.m in Sources */ = {isa = PBXBuildFile; fileRef = 60035BA719B0D235009CADE0 /* CCLDisplayCalendar.m */; };
		5021767C22B11C1E00E217E2 /* CCLRowAdjustment.m in Sources */ = {isa = PBXBuildFile; fileRef = 60BEC0F419D0644A000B5DE0 /* CCLRowAdjustment.m */; };
		5021767D22B11C1E00E217E2 /* CCLDayCellSelection.m in Sources */ = {isa = PBXBuildFile; fileRef = 60035BAE19B0D2D6009CADE0 /* CCLDayCellSelection.m */; };
		5021767E22B11C1E00E217E2 /* CCLCalendarData.m in Sources */ = {isa = PBXBuildFile; fileRef = 601627EA19BEED21006B7505 /* CCLCalendarData.m */; };
		5021767F22B11C1E00E217E2 /* CCLTitleRows.m in Sources */ = {isa = PBXBuildFile; fileRef = 60C3550119BD9F86000C14E8 /* CCLTitleRows.m */; };
		5021768022B11C1E00E217E2 /* CCLCellDayTranslation.m in Sources */ = {isa = PBXBuildFile; fileRef = 60BEC0FC19D176A6000B5DE0 /* CCLCellDayTranslation.m */; };
		5021768122B11C1E00E217E2 /* CCLDayLocator.m in Sources */ = {isa = PBXBuildFile; fileRef = 60BEC0FF19D176FC000B5DE0 /* CCLDayLocator.m */; };
		5021768222B11C1E00E217E2 /* CCLCalendarViewController.m in Sources */ = {isa = PBXBuildFile; fileRef = 6009D69319AC7D5A006F568F /* CCLCalendarViewController.m */; };
		5021768322B11C1E00E217E2 /* CCLCalendarViewController.xib in Resources */ = {isa = PBXBuildFile; fileRef = 60035B9F19B0D214009CADE0 /* CCLCalendarViewController.xib */; };
		5021768422B11C1E00E217E2 /* CCLCalendarView.m in Sources */ = {isa = PBXBuildFile; fileRef = 6009D69919ACC0CC006F568F /* CCLCalendarView.m */; };
		5021768522B11C1E00E217E2 /* CCLMonthRowView.m in Sources */ = {isa = PBXBuildFile; fileRef = 60BEC10619D2F793000B5DE0 /* CCLMonthRowView.m */; };
		5021768622B11C1E00E217E2 /* CCLBorderedRowView.m in Sources */ = {isa = PBXBuildFile; fileRef = 6056510919ED5C8E007A2A17 /* CCLBorderedRowView.m */; };
		5021768722B11C1E00E217E2 /* CCLWeekRowView.m in Sources */ = {isa = PBXBuildFile; fileRef = 6009D69C19ACC4CE006F568F /* CCLWeekRowView.m */; };
		5021768822B11C1E00E217E2 /* CCLDayDetailRowView.m in Sources */ = {isa = PBXBuildFile; fileRef = 6009D6A019ACDAC0006F568F /* CCLDayDetailRowView.m */; };
		5021768922B11C1E00E217E2 /* CCLBorderedCellView.m in Sources */ = {isa = PBXBuildFile; fileRef = 6056511019ED6123007A2A17 /* CCLBorderedCellView.m */; };
		5021768A22B11C1E00E217E2 /* CCLDayCellView.m in Sources */ = {isa = PBXBuildFile; fileRef = 6009D69619AC8107006F568F /* CCLDayCellView.m */; };
		5021768B22B11C2400E217E2 /* CCLCalendarViewModel.m in Sources */ = {isa = PBXBuildFile; fileRef = 600BA9CD19B45EC000A9ED9B /* CCLCalendarViewModel.m */; };
		5021769522B11C5600E217E2 /* CalendarView.framework in Frameworks */ = {isa = PBXBuildFile; fileRef = 5021763C22B11BDC00E217E2 /* CalendarView.framework */; };
		5021769E22B11D8E00E217E2 /* TestingToolkit.framework in Frameworks */ = {isa = PBXBuildFile; fileRef = 60ECAB4719DC56510036EE81 /* TestingToolkit.framework */; };
		502176A022B11DBF00E217E2 /* TestingToolkit.framework in Copy Frameworks */ = {isa = PBXBuildFile; fileRef = 60ECAB4719DC56510036EE81 /* TestingToolkit.framework */; settings = {ATTRIBUTES = (CodeSignOnCopy, RemoveHeadersOnCopy, ); }; };
		502176A122B11DE000E217E2 /* CCLCalendarViewModelTest.m in Sources */ = {isa = PBXBuildFile; fileRef = 600BA9D119B4669F00A9ED9B /* CCLCalendarViewModelTest.m */; };
		502176A222B11DE000E217E2 /* CCLCalendarViewControllerTest.m in Sources */ = {isa = PBXBuildFile; fileRef = 60C354F119B84371000C14E8 /* CCLCalendarViewControllerTest.m */; };
		502176A322B11DE000E217E2 /* CCLDateRangeTest.m in Sources */ = {isa = PBXBuildFile; fileRef = 6017336319B5A77F00FDE187 /* CCLDateRangeTest.m */; };
		502176A422B11DE000E217E2 /* CCLMonthsFactoryTest.m in Sources */ = {isa = PBXBuildFile; fileRef = 60C354F719B99EF9000C14E8 /* CCLMonthsFactoryTest.m */; };
		502176A522B11DE000E217E2 /* CCLMonthTest.m in Sources */ = {isa = PBXBuildFile; fileRef = 6017336F19B5B8FB00FDE187 /* CCLMonthTest.m */; };
		502176A622B11DE000E217E2 /* CCLMonthsTest.m in Sources */ = {isa = PBXBuildFile; fileRef = 6017337519B5BAAF00FDE187 /* CCLMonthsTest.m */; };
		502176A722B11DE000E217E2 /* CCLTitleRowsTest.m in Sources */ = {isa = PBXBuildFile; fileRef = 60C3550319BDA13D000C14E8 /* CCLTitleRowsTest.m */; };
		502176A822B11DE000E217E2 /* CCLCalendarDataTest.m in Sources */ = {isa = PBXBuildFile; fileRef = 601627EC19BEF7E0006B7505 /* CCLCalendarDataTest.m */; };
		502176A922B11DE000E217E2 /* CCLRowAdjustmentTest.m in Sources */ = {isa = PBXBuildFile; fileRef = 60BEC0F019D06420000B5DE0 /* CCLRowAdjustmentTest.m */; };
		502176AA22B11DE000E217E2 /* CCLDayLocatorTest.m in Sources */ = {isa = PBXBuildFile; fileRef = 60BEC10119D17928000B5DE0 /* CCLDayLocatorTest.m */; };
		502176AB22B11DE000E217E2 /* CCLCellDayTranslationTest.m in Sources */ = {isa = PBXBuildFile; fileRef = 60BEC10319D1C91E000B5DE0 /* CCLCellDayTranslationTest.m */; };
		502176AD22B11DEC00E217E2 /* Helpers.m in Sources */ = {isa = PBXBuildFile; fileRef = 506EF23722AFA04100E1C924 /* Helpers.m */; };
		502176AE22B11DEC00E217E2 /* XCTest+MonthHelper.m in Sources */ = {isa = PBXBuildFile; fileRef = 60C3550619BDFA5D000C14E8 /* XCTest+MonthHelper.m */; };
		502176AF22B11DEC00E217E2 /* TestCalendarSupplier.m in Sources */ = {isa = PBXBuildFile; fileRef = 60C354FB19B9A43D000C14E8 /* TestCalendarSupplier.m */; };
		502176B022B11DEC00E217E2 /* TestObjectProvider.m in Sources */ = {isa = PBXBuildFile; fileRef = 601627F019BEFED1006B7505 /* TestObjectProvider.m */; };
		502176B122B11E3900E217E2 /* TestingToolkit.framework in Frameworks */ = {isa = PBXBuildFile; fileRef = 60ECAB4719DC56510036EE81 /* TestingToolkit.framework */; };
		502176B522B120DB00E217E2 /* CCLDateRange.h in Headers */ = {isa = PBXBuildFile; fileRef = 60C354FD19BB6467000C14E8 /* CCLDateRange.h */; settings = {ATTRIBUTES = (Public, ); }; };
		502176B622B120E400E217E2 /* CCLProvidesDetailView.h in Headers */ = {isa = PBXBuildFile; fileRef = 6075AE3919ED3FC100152909 /* CCLProvidesDetailView.h */; settings = {ATTRIBUTES = (Public, ); }; };
		502176B722B120E700E217E2 /* CCLProvidesCalendarObjects.h in Headers */ = {isa = PBXBuildFile; fileRef = 60035BA319B0D226009CADE0 /* CCLProvidesCalendarObjects.h */; settings = {ATTRIBUTES = (Public, ); }; };
		502176B822B120EA00E217E2 /* CCLHandlesDaySelection.h in Headers */ = {isa = PBXBuildFile; fileRef = 60035BA219B0D226009CADE0 /* CCLHandlesDaySelection.h */; settings = {ATTRIBUTES = (Public, ); }; };
		502176B922B120EF00E217E2 /* CCLDisplayCalendar.h in Headers */ = {isa = PBXBuildFile; fileRef = 60035BA619B0D235009CADE0 /* CCLDisplayCalendar.h */; settings = {ATTRIBUTES = (Public, ); }; };
		502176BA22B1214900E217E2 /* CalendarView.h in Headers */ = {isa = PBXBuildFile; fileRef = 5021769D22B11D4000E217E2 /* CalendarView.h */; settings = {ATTRIBUTES = (Public, ); }; };
		502176D822B1379500E217E2 /* CCLDayDetailRowView.h in Headers */ = {isa = PBXBuildFile; fileRef = 6009D69F19ACDAC0006F568F /* CCLDayDetailRowView.h */; settings = {ATTRIBUTES = (Public, ); }; };
		5050CB6021B7FE7E00528988 /* TestingToolkit.framework in Frameworks */ = {isa = PBXBuildFile; fileRef = 60ECAB4719DC56510036EE81 /* TestingToolkit.framework */; };
		5050CB6121B7FE7E00528988 /* TestingToolkit.framework in Embed Frameworks */ = {isa = PBXBuildFile; fileRef = 60ECAB4719DC56510036EE81 /* TestingToolkit.framework */; settings = {ATTRIBUTES = (CodeSignOnCopy, RemoveHeadersOnCopy, ); }; };
		60035BA819B0D235009CADE0 /* CCLCalendarService.m in Sources */ = {isa = PBXBuildFile; fileRef = 60035BA519B0D235009CADE0 /* CCLCalendarService.m */; };
		6009D65E19AC77D3006F568F /* Cocoa.framework in Frameworks */ = {isa = PBXBuildFile; fileRef = 6009D65D19AC77D3006F568F /* Cocoa.framework */; };
		6009D66A19AC77D3006F568F /* main.m in Sources */ = {isa = PBXBuildFile; fileRef = 6009D66919AC77D3006F568F /* main.m */; };
		6009D66E19AC77D3006F568F /* Credits.rtf in Resources */ = {isa = PBXBuildFile; fileRef = 6009D66C19AC77D3006F568F /* Credits.rtf */; };
		6009D67119AC77D3006F568F /* CCLAppDelegate.m in Sources */ = {isa = PBXBuildFile; fileRef = 6009D67019AC77D3006F568F /* CCLAppDelegate.m */; };
		6009D67419AC77D3006F568F /* MainMenu.xib in Resources */ = {isa = PBXBuildFile; fileRef = 6009D67219AC77D3006F568F /* MainMenu.xib */; };
		6009D67619AC77D3006F568F /* Images.xcassets in Resources */ = {isa = PBXBuildFile; fileRef = 6009D67519AC77D3006F568F /* Images.xcassets */; };
		60ECAA0919DAEA940036EE81 /* InfoPlist.strings in Resources */ = {isa = PBXBuildFile; fileRef = 60ECAA0819DAEA940036EE81 /* InfoPlist.strings */; };
/* End PBXBuildFile section */

/* Begin PBXContainerItemProxy section */
		5021764F22B11BDD00E217E2 /* PBXContainerItemProxy */ = {
			isa = PBXContainerItemProxy;
			containerPortal = 6009D65219AC77D3006F568F /* Project object */;
			proxyType = 1;
			remoteGlobalIDString = 5021763B22B11BDC00E217E2;
			remoteInfo = CalendarView;
		};
		5021769622B11C5600E217E2 /* PBXContainerItemProxy */ = {
			isa = PBXContainerItemProxy;
			containerPortal = 6009D65219AC77D3006F568F /* Project object */;
			proxyType = 1;
			remoteGlobalIDString = 5021763B22B11BDC00E217E2;
			remoteInfo = CalendarView;
		};
		5050CB6221B7FE7E00528988 /* PBXContainerItemProxy */ = {
			isa = PBXContainerItemProxy;
			containerPortal = 60ECAB4119DC56510036EE81 /* TestingToolkit.xcodeproj */;
			proxyType = 1;
			remoteGlobalIDString = 50F3BC3A2143D590000D7DB0;
			remoteInfo = TestingToolkit;
		};
		60ECAB4619DC56510036EE81 /* PBXContainerItemProxy */ = {
			isa = PBXContainerItemProxy;
			containerPortal = 60ECAB4119DC56510036EE81 /* TestingToolkit.xcodeproj */;
			proxyType = 2;
			remoteGlobalIDString = 60ECAB0219DC543B0036EE81;
			remoteInfo = TestingToolkit;
		};
/* End PBXContainerItemProxy section */

/* Begin PBXCopyFilesBuildPhase section */
		5021769F22B11DB500E217E2 /* Copy Frameworks */ = {
			isa = PBXCopyFilesBuildPhase;
			buildActionMask = 2147483647;
			dstPath = "";
			dstSubfolderSpec = 10;
			files = (
				502176A022B11DBF00E217E2 /* TestingToolkit.framework in Copy Frameworks */,
			);
			name = "Copy Frameworks";
			runOnlyForDeploymentPostprocessing = 0;
		};
		5050CB6421B7FE7E00528988 /* Embed Frameworks */ = {
			isa = PBXCopyFilesBuildPhase;
			buildActionMask = 2147483647;
			dstPath = "";
			dstSubfolderSpec = 10;
			files = (
				5050CB6121B7FE7E00528988 /* TestingToolkit.framework in Embed Frameworks */,
				5021765222B11BDD00E217E2 /* CalendarView.framework in Embed Frameworks */,
			);
			name = "Embed Frameworks";
			runOnlyForDeploymentPostprocessing = 0;
		};
/* End PBXCopyFilesBuildPhase section */

/* Begin PBXFileReference section */
		5021763C22B11BDC00E217E2 /* CalendarView.framework */ = {isa = PBXFileReference; explicitFileType = wrapper.framework; includeInIndex = 0; path = CalendarView.framework; sourceTree = BUILT_PRODUCTS_DIR; };
		5021767622B11BE500E217E2 /* CalendarViewTests copy-Info.plist */ = {isa = PBXFileReference; lastKnownFileType = text.plist.xml; name = "CalendarViewTests copy-Info.plist"; path = "/Users/ctm/Coding/_components/CalendarView/CalendarViewTests copy-Info.plist"; sourceTree = "<absolute>"; };
		5021769022B11C5600E217E2 /* CalendarViewTests.xctest */ = {isa = PBXFileReference; explicitFileType = wrapper.cfbundle; includeInIndex = 0; path = CalendarViewTests.xctest; sourceTree = BUILT_PRODUCTS_DIR; };
		5021769422B11C5600E217E2 /* Info.plist */ = {isa = PBXFileReference; lastKnownFileType = text.plist.xml; path = Info.plist; sourceTree = "<group>"; };
		5021769B22B11D1A00E217E2 /* CalendarView-Prefix.pch */ = {isa = PBXFileReference; lastKnownFileType = sourcecode.c.h; path = "CalendarView-Prefix.pch"; sourceTree = "<group>"; };
		5021769C22B11D2100E217E2 /* Info.plist */ = {isa = PBXFileReference; lastKnownFileType = text.plist.xml; path = Info.plist; sourceTree = "<group>"; };
		5021769D22B11D4000E217E2 /* CalendarView.h */ = {isa = PBXFileReference; lastKnownFileType = sourcecode.c.h; path = CalendarView.h; sourceTree = "<group>"; };
		506EF23622AFA04100E1C924 /* Helpers.h */ = {isa = PBXFileReference; lastKnownFileType = sourcecode.c.h; path = Helpers.h; sourceTree = "<group>"; };
		506EF23722AFA04100E1C924 /* Helpers.m */ = {isa = PBXFileReference; lastKnownFileType = sourcecode.c.objc; path = Helpers.m; sourceTree = "<group>"; };
		506EF23922AFA06E00E1C924 /* CalendarViewTests-Prefix.pch */ = {isa = PBXFileReference; lastKnownFileType = sourcecode.c.h; path = "CalendarViewTests-Prefix.pch"; sourceTree = "<group>"; };
		60035B9F19B0D214009CADE0 /* CCLCalendarViewController.xib */ = {isa = PBXFileReference; fileEncoding = 4; lastKnownFileType = file.xib; path = CCLCalendarViewController.xib; sourceTree = "<group>"; };
		60035BA219B0D226009CADE0 /* CCLHandlesDaySelection.h */ = {isa = PBXFileReference; lastKnownFileType = sourcecode.c.h; path = CCLHandlesDaySelection.h; sourceTree = "<group>"; };
		60035BA319B0D226009CADE0 /* CCLProvidesCalendarObjects.h */ = {isa = PBXFileReference; lastKnownFileType = sourcecode.c.h; path = CCLProvidesCalendarObjects.h; sourceTree = "<group>"; };
		60035BA419B0D235009CADE0 /* CCLCalendarService.h */ = {isa = PBXFileReference; fileEncoding = 4; lastKnownFileType = sourcecode.c.h; path = CCLCalendarService.h; sourceTree = "<group>"; };
		60035BA519B0D235009CADE0 /* CCLCalendarService.m */ = {isa = PBXFileReference; fileEncoding = 4; lastKnownFileType = sourcecode.c.objc; path = CCLCalendarService.m; sourceTree = "<group>"; };
		60035BA619B0D235009CADE0 /* CCLDisplayCalendar.h */ = {isa = PBXFileReference; fileEncoding = 4; lastKnownFileType = sourcecode.c.h; path = CCLDisplayCalendar.h; sourceTree = "<group>"; };
		60035BA719B0D235009CADE0 /* CCLDisplayCalendar.m */ = {isa = PBXFileReference; fileEncoding = 4; lastKnownFileType = sourcecode.c.objc; path = CCLDisplayCalendar.m; sourceTree = "<group>"; };
		60035BAD19B0D2D6009CADE0 /* CCLDayCellSelection.h */ = {isa = PBXFileReference; fileEncoding = 4; lastKnownFileType = sourcecode.c.h; path = CCLDayCellSelection.h; sourceTree = "<group>"; };
		60035BAE19B0D2D6009CADE0 /* CCLDayCellSelection.m */ = {isa = PBXFileReference; fileEncoding = 4; lastKnownFileType = sourcecode.c.objc; path = CCLDayCellSelection.m; sourceTree = "<group>"; };
		6009D65A19AC77D3006F568F /* CalendarViewExample.app */ = {isa = PBXFileReference; explicitFileType = wrapper.application; includeInIndex = 0; path = CalendarViewExample.app; sourceTree = BUILT_PRODUCTS_DIR; };
		6009D65D19AC77D3006F568F /* Cocoa.framework */ = {isa = PBXFileReference; lastKnownFileType = wrapper.framework; name = Cocoa.framework; path = System/Library/Frameworks/Cocoa.framework; sourceTree = SDKROOT; };
		6009D66019AC77D3006F568F /* AppKit.framework */ = {isa = PBXFileReference; lastKnownFileType = wrapper.framework; name = AppKit.framework; path = System/Library/Frameworks/AppKit.framework; sourceTree = SDKROOT; };
		6009D66119AC77D3006F568F /* CoreData.framework */ = {isa = PBXFileReference; lastKnownFileType = wrapper.framework; name = CoreData.framework; path = System/Library/Frameworks/CoreData.framework; sourceTree = SDKROOT; };
		6009D66219AC77D3006F568F /* Foundation.framework */ = {isa = PBXFileReference; lastKnownFileType = wrapper.framework; name = Foundation.framework; path = System/Library/Frameworks/Foundation.framework; sourceTree = SDKROOT; };
		6009D66519AC77D3006F568F /* CalendarViewExample-Info.plist */ = {isa = PBXFileReference; lastKnownFileType = text.plist.xml; name = "CalendarViewExample-Info.plist"; path = "../CalendarViewExample/CalendarViewExample-Info.plist"; sourceTree = "<group>"; };
		6009D66919AC77D3006F568F /* main.m */ = {isa = PBXFileReference; lastKnownFileType = sourcecode.c.objc; name = main.m; path = ../CalendarViewExample/main.m; sourceTree = "<group>"; };
		6009D66D19AC77D3006F568F /* en */ = {isa = PBXFileReference; lastKnownFileType = text.rtf; name = en; path = en.lproj/Credits.rtf; sourceTree = "<group>"; };
		6009D66F19AC77D3006F568F /* CCLAppDelegate.h */ = {isa = PBXFileReference; lastKnownFileType = sourcecode.c.h; path = CCLAppDelegate.h; sourceTree = "<group>"; };
		6009D67019AC77D3006F568F /* CCLAppDelegate.m */ = {isa = PBXFileReference; lastKnownFileType = sourcecode.c.objc; path = CCLAppDelegate.m; sourceTree = "<group>"; };
		6009D67319AC77D3006F568F /* Base */ = {isa = PBXFileReference; lastKnownFileType = file.xib; name = Base; path = Base.lproj/MainMenu.xib; sourceTree = "<group>"; };
		6009D67519AC77D3006F568F /* Images.xcassets */ = {isa = PBXFileReference; lastKnownFileType = folder.assetcatalog; name = Images.xcassets; path = ../CalendarViewExample/Images.xcassets; sourceTree = "<group>"; };
		6009D67C19AC77D4006F568F /* XCTest.framework */ = {isa = PBXFileReference; lastKnownFileType = wrapper.framework; name = XCTest.framework; path = Library/Frameworks/XCTest.framework; sourceTree = DEVELOPER_DIR; };
		6009D69219AC7D59006F568F /* CCLCalendarViewController.h */ = {isa = PBXFileReference; fileEncoding = 4; lastKnownFileType = sourcecode.c.h; path = CCLCalendarViewController.h; sourceTree = "<group>"; };
		6009D69319AC7D5A006F568F /* CCLCalendarViewController.m */ = {isa = PBXFileReference; fileEncoding = 4; lastKnownFileType = sourcecode.c.objc; path = CCLCalendarViewController.m; sourceTree = "<group>"; };
		6009D69519AC8107006F568F /* CCLDayCellView.h */ = {isa = PBXFileReference; fileEncoding = 4; lastKnownFileType = sourcecode.c.h; path = CCLDayCellView.h; sourceTree = "<group>"; };
		6009D69619AC8107006F568F /* CCLDayCellView.m */ = {isa = PBXFileReference; fileEncoding = 4; lastKnownFileType = sourcecode.c.objc; path = CCLDayCellView.m; sourceTree = "<group>"; };
		6009D69819ACC0CB006F568F /* CCLCalendarView.h */ = {isa = PBXFileReference; fileEncoding = 4; lastKnownFileType = sourcecode.c.h; path = CCLCalendarView.h; sourceTree = "<group>"; };
		6009D69919ACC0CC006F568F /* CCLCalendarView.m */ = {isa = PBXFileReference; fileEncoding = 4; lastKnownFileType = sourcecode.c.objc; path = CCLCalendarView.m; sourceTree = "<group>"; };
		6009D69B19ACC4CE006F568F /* CCLWeekRowView.h */ = {isa = PBXFileReference; fileEncoding = 4; lastKnownFileType = sourcecode.c.h; path = CCLWeekRowView.h; sourceTree = "<group>"; };
		6009D69C19ACC4CE006F568F /* CCLWeekRowView.m */ = {isa = PBXFileReference; fileEncoding = 4; lastKnownFileType = sourcecode.c.objc; path = CCLWeekRowView.m; sourceTree = "<group>"; };
		6009D69E19ACC868006F568F /* CCLCalendarViewDelegate.h */ = {isa = PBXFileReference; lastKnownFileType = sourcecode.c.h; path = CCLCalendarViewDelegate.h; sourceTree = "<group>"; };
		6009D69F19ACDAC0006F568F /* CCLDayDetailRowView.h */ = {isa = PBXFileReference; fileEncoding = 4; lastKnownFileType = sourcecode.c.h; path = CCLDayDetailRowView.h; sourceTree = "<group>"; };
		6009D6A019ACDAC0006F568F /* CCLDayDetailRowView.m */ = {isa = PBXFileReference; fileEncoding = 4; lastKnownFileType = sourcecode.c.objc; path = CCLDayDetailRowView.m; sourceTree = "<group>"; };
		600BA9CC19B45EC000A9ED9B /* CCLCalendarViewModel.h */ = {isa = PBXFileReference; fileEncoding = 4; lastKnownFileType = sourcecode.c.h; path = CCLCalendarViewModel.h; sourceTree = "<group>"; };
		600BA9CD19B45EC000A9ED9B /* CCLCalendarViewModel.m */ = {isa = PBXFileReference; fileEncoding = 4; lastKnownFileType = sourcecode.c.objc; path = CCLCalendarViewModel.m; sourceTree = "<group>"; };
		600BA9D119B4669F00A9ED9B /* CCLCalendarViewModelTest.m */ = {isa = PBXFileReference; fileEncoding = 4; lastKnownFileType = sourcecode.c.objc; path = CCLCalendarViewModelTest.m; sourceTree = "<group>"; };
		601627E919BEED21006B7505 /* CCLCalendarData.h */ = {isa = PBXFileReference; fileEncoding = 4; lastKnownFileType = sourcecode.c.h; path = CCLCalendarData.h; sourceTree = "<group>"; };
		601627EA19BEED21006B7505 /* CCLCalendarData.m */ = {isa = PBXFileReference; fileEncoding = 4; lastKnownFileType = sourcecode.c.objc; path = CCLCalendarData.m; sourceTree = "<group>"; };
		601627EC19BEF7E0006B7505 /* CCLCalendarDataTest.m */ = {isa = PBXFileReference; fileEncoding = 4; lastKnownFileType = sourcecode.c.objc; path = CCLCalendarDataTest.m; sourceTree = "<group>"; };
		601627EF19BEFED1006B7505 /* TestObjectProvider.h */ = {isa = PBXFileReference; fileEncoding = 4; lastKnownFileType = sourcecode.c.h; path = TestObjectProvider.h; sourceTree = "<group>"; };
		601627F019BEFED1006B7505 /* TestObjectProvider.m */ = {isa = PBXFileReference; fileEncoding = 4; lastKnownFileType = sourcecode.c.objc; path = TestObjectProvider.m; sourceTree = "<group>"; };
		6017336319B5A77F00FDE187 /* CCLDateRangeTest.m */ = {isa = PBXFileReference; fileEncoding = 4; lastKnownFileType = sourcecode.c.objc; path = CCLDateRangeTest.m; sourceTree = "<group>"; };
		6017336C19B5B8F000FDE187 /* CCLMonth.h */ = {isa = PBXFileReference; fileEncoding = 4; lastKnownFileType = sourcecode.c.h; path = CCLMonth.h; sourceTree = "<group>"; };
		6017336D19B5B8F000FDE187 /* CCLMonth.m */ = {isa = PBXFileReference; fileEncoding = 4; lastKnownFileType = sourcecode.c.objc; path = CCLMonth.m; sourceTree = "<group>"; };
		6017336F19B5B8FB00FDE187 /* CCLMonthTest.m */ = {isa = PBXFileReference; fileEncoding = 4; lastKnownFileType = sourcecode.c.objc; path = CCLMonthTest.m; sourceTree = "<group>"; };
		6017337519B5BAAF00FDE187 /* CCLMonthsTest.m */ = {isa = PBXFileReference; fileEncoding = 4; lastKnownFileType = sourcecode.c.objc; path = CCLMonthsTest.m; sourceTree = "<group>"; };
		6019962E19CAD09C00EED575 /* CCLHandlesDayCellSelection.h */ = {isa = PBXFileReference; lastKnownFileType = sourcecode.c.h; path = CCLHandlesDayCellSelection.h; sourceTree = "<group>"; };
		6056510819ED5C8E007A2A17 /* CCLBorderedRowView.h */ = {isa = PBXFileReference; fileEncoding = 4; lastKnownFileType = sourcecode.c.h; path = CCLBorderedRowView.h; sourceTree = "<group>"; };
		6056510919ED5C8E007A2A17 /* CCLBorderedRowView.m */ = {isa = PBXFileReference; fileEncoding = 4; lastKnownFileType = sourcecode.c.objc; path = CCLBorderedRowView.m; sourceTree = "<group>"; };
		6056510F19ED6123007A2A17 /* CCLBorderedCellView.h */ = {isa = PBXFileReference; fileEncoding = 4; lastKnownFileType = sourcecode.c.h; path = CCLBorderedCellView.h; sourceTree = "<group>"; };
		6056511019ED6123007A2A17 /* CCLBorderedCellView.m */ = {isa = PBXFileReference; fileEncoding = 4; lastKnownFileType = sourcecode.c.objc; path = CCLBorderedCellView.m; sourceTree = "<group>"; };
		6075AE3919ED3FC100152909 /* CCLProvidesDetailView.h */ = {isa = PBXFileReference; lastKnownFileType = sourcecode.c.h; path = CCLProvidesDetailView.h; sourceTree = "<group>"; };
		60BEC0F019D06420000B5DE0 /* CCLRowAdjustmentTest.m */ = {isa = PBXFileReference; fileEncoding = 4; lastKnownFileType = sourcecode.c.objc; path = CCLRowAdjustmentTest.m; sourceTree = "<group>"; };
		60BEC0F319D0644A000B5DE0 /* CCLRowAdjustment.h */ = {isa = PBXFileReference; fileEncoding = 4; lastKnownFileType = sourcecode.c.h; path = CCLRowAdjustment.h; sourceTree = "<group>"; };
		60BEC0F419D0644A000B5DE0 /* CCLRowAdjustment.m */ = {isa = PBXFileReference; fileEncoding = 4; lastKnownFileType = sourcecode.c.objc; path = CCLRowAdjustment.m; sourceTree = "<group>"; };
		60BEC0F919D065EB000B5DE0 /* CCLProvidesTableData.h */ = {isa = PBXFileReference; lastKnownFileType = sourcecode.c.h; path = CCLProvidesTableData.h; sourceTree = "<group>"; };
		60BEC0FA19D06810000B5DE0 /* CCLTableDataTypes.h */ = {isa = PBXFileReference; lastKnownFileType = sourcecode.c.h; path = CCLTableDataTypes.h; sourceTree = "<group>"; };
		60BEC0FB19D176A5000B5DE0 /* CCLCellDayTranslation.h */ = {isa = PBXFileReference; fileEncoding = 4; lastKnownFileType = sourcecode.c.h; path = CCLCellDayTranslation.h; sourceTree = "<group>"; };
		60BEC0FC19D176A6000B5DE0 /* CCLCellDayTranslation.m */ = {isa = PBXFileReference; fileEncoding = 4; lastKnownFileType = sourcecode.c.objc; path = CCLCellDayTranslation.m; sourceTree = "<group>"; };
		60BEC0FE19D176FC000B5DE0 /* CCLDayLocator.h */ = {isa = PBXFileReference; fileEncoding = 4; lastKnownFileType = sourcecode.c.h; path = CCLDayLocator.h; sourceTree = "<group>"; };
		60BEC0FF19D176FC000B5DE0 /* CCLDayLocator.m */ = {isa = PBXFileReference; fileEncoding = 4; lastKnownFileType = sourcecode.c.objc; path = CCLDayLocator.m; sourceTree = "<group>"; };
		60BEC10119D17928000B5DE0 /* CCLDayLocatorTest.m */ = {isa = PBXFileReference; fileEncoding = 4; lastKnownFileType = sourcecode.c.objc; path = CCLDayLocatorTest.m; sourceTree = "<group>"; };
		60BEC10319D1C91E000B5DE0 /* CCLCellDayTranslationTest.m */ = {isa = PBXFileReference; fileEncoding = 4; lastKnownFileType = sourcecode.c.objc; path = CCLCellDayTranslationTest.m; sourceTree = "<group>"; };
		60BEC10519D2F793000B5DE0 /* CCLMonthRowView.h */ = {isa = PBXFileReference; fileEncoding = 4; lastKnownFileType = sourcecode.c.h; path = CCLMonthRowView.h; sourceTree = "<group>"; };
		60BEC10619D2F793000B5DE0 /* CCLMonthRowView.m */ = {isa = PBXFileReference; fileEncoding = 4; lastKnownFileType = sourcecode.c.objc; path = CCLMonthRowView.m; sourceTree = "<group>"; };
		60C354ED19B5BBD0000C14E8 /* CCLMonths.h */ = {isa = PBXFileReference; fileEncoding = 4; lastKnownFileType = sourcecode.c.h; path = CCLMonths.h; sourceTree = "<group>"; };
		60C354EE19B5BBD0000C14E8 /* CCLMonths.m */ = {isa = PBXFileReference; fileEncoding = 4; lastKnownFileType = sourcecode.c.objc; path = CCLMonths.m; sourceTree = "<group>"; };
		60C354F119B84371000C14E8 /* CCLCalendarViewControllerTest.m */ = {isa = PBXFileReference; fileEncoding = 4; lastKnownFileType = sourcecode.c.objc; name = CCLCalendarViewControllerTest.m; path = CalendarViewTests/CCLCalendarViewControllerTest.m; sourceTree = SOURCE_ROOT; };
		60C354F419B99EE7000C14E8 /* CCLMonthsFactory.h */ = {isa = PBXFileReference; fileEncoding = 4; lastKnownFileType = sourcecode.c.h; path = CCLMonthsFactory.h; sourceTree = "<group>"; };
		60C354F519B99EE7000C14E8 /* CCLMonthsFactory.m */ = {isa = PBXFileReference; fileEncoding = 4; lastKnownFileType = sourcecode.c.objc; path = CCLMonthsFactory.m; sourceTree = "<group>"; };
		60C354F719B99EF9000C14E8 /* CCLMonthsFactoryTest.m */ = {isa = PBXFileReference; fileEncoding = 4; lastKnownFileType = sourcecode.c.objc; path = CCLMonthsFactoryTest.m; sourceTree = "<group>"; };
		60C354FA19B9A43D000C14E8 /* TestCalendarSupplier.h */ = {isa = PBXFileReference; fileEncoding = 4; lastKnownFileType = sourcecode.c.h; path = TestCalendarSupplier.h; sourceTree = "<group>"; };
		60C354FB19B9A43D000C14E8 /* TestCalendarSupplier.m */ = {isa = PBXFileReference; fileEncoding = 4; lastKnownFileType = sourcecode.c.objc; path = TestCalendarSupplier.m; sourceTree = "<group>"; };
		60C354FD19BB6467000C14E8 /* CCLDateRange.h */ = {isa = PBXFileReference; fileEncoding = 4; lastKnownFileType = sourcecode.c.h; path = CCLDateRange.h; sourceTree = "<group>"; };
		60C354FE19BB6467000C14E8 /* CCLDateRange.m */ = {isa = PBXFileReference; fileEncoding = 4; lastKnownFileType = sourcecode.c.objc; path = CCLDateRange.m; sourceTree = "<group>"; };
		60C3550019BD9F86000C14E8 /* CCLTitleRows.h */ = {isa = PBXFileReference; fileEncoding = 4; lastKnownFileType = sourcecode.c.h; path = CCLTitleRows.h; sourceTree = "<group>"; };
		60C3550119BD9F86000C14E8 /* CCLTitleRows.m */ = {isa = PBXFileReference; fileEncoding = 4; lastKnownFileType = sourcecode.c.objc; path = CCLTitleRows.m; sourceTree = "<group>"; };
		60C3550319BDA13D000C14E8 /* CCLTitleRowsTest.m */ = {isa = PBXFileReference; fileEncoding = 4; lastKnownFileType = sourcecode.c.objc; path = CCLTitleRowsTest.m; sourceTree = "<group>"; };
		60C3550519BDFA5D000C14E8 /* XCTest+MonthHelper.h */ = {isa = PBXFileReference; fileEncoding = 4; lastKnownFileType = sourcecode.c.h; path = "XCTest+MonthHelper.h"; sourceTree = "<group>"; };
		60C3550619BDFA5D000C14E8 /* XCTest+MonthHelper.m */ = {isa = PBXFileReference; fileEncoding = 4; lastKnownFileType = sourcecode.c.objc; path = "XCTest+MonthHelper.m"; sourceTree = "<group>"; };
		60ECAA0819DAEA940036EE81 /* InfoPlist.strings */ = {isa = PBXFileReference; fileEncoding = 4; lastKnownFileType = text.plist.strings; name = InfoPlist.strings; path = ../CalendarViewExample/InfoPlist.strings; sourceTree = "<group>"; };
		60ECAB4119DC56510036EE81 /* TestingToolkit.xcodeproj */ = {isa = PBXFileReference; lastKnownFileType = "wrapper.pb-project"; name = TestingToolkit.xcodeproj; path = External/TestingToolkit/TestingToolkit.xcodeproj; sourceTree = "<group>"; };
/* End PBXFileReference section */

/* Begin PBXFrameworksBuildPhase section */
		5021763922B11BDC00E217E2 /* Frameworks */ = {
			isa = PBXFrameworksBuildPhase;
			buildActionMask = 2147483647;
			files = (
				5021769E22B11D8E00E217E2 /* TestingToolkit.framework in Frameworks */,
			);
			runOnlyForDeploymentPostprocessing = 0;
		};
		5021768D22B11C5600E217E2 /* Frameworks */ = {
			isa = PBXFrameworksBuildPhase;
			buildActionMask = 2147483647;
			files = (
				5021769522B11C5600E217E2 /* CalendarView.framework in Frameworks */,
				502176B122B11E3900E217E2 /* TestingToolkit.framework in Frameworks */,
			);
			runOnlyForDeploymentPostprocessing = 0;
		};
		6009D65719AC77D3006F568F /* Frameworks */ = {
			isa = PBXFrameworksBuildPhase;
			buildActionMask = 2147483647;
			files = (
				5021765122B11BDD00E217E2 /* CalendarView.framework in Frameworks */,
				5050CB6021B7FE7E00528988 /* TestingToolkit.framework in Frameworks */,
				6009D65E19AC77D3006F568F /* Cocoa.framework in Frameworks */,
			);
			runOnlyForDeploymentPostprocessing = 0;
		};
/* End PBXFrameworksBuildPhase section */

/* Begin PBXGroup section */
		60035BA119B0D218009CADE0 /* Calendar View */ = {
			isa = PBXGroup;
			children = (
				6009D69219AC7D59006F568F /* CCLCalendarViewController.h */,
				6009D69319AC7D5A006F568F /* CCLCalendarViewController.m */,
				60035B9F19B0D214009CADE0 /* CCLCalendarViewController.xib */,
				60035BAC19B0D2B8009CADE0 /* Calendar Table View */,
			);
			name = "Calendar View";
			sourceTree = "<group>";
		};
		60035BAB19B0D243009CADE0 /* Calendar Application */ = {
			isa = PBXGroup;
			children = (
				60035BA619B0D235009CADE0 /* CCLDisplayCalendar.h */,
				60035BA719B0D235009CADE0 /* CCLDisplayCalendar.m */,
				60035BA319B0D226009CADE0 /* CCLProvidesCalendarObjects.h */,
				60035BA219B0D226009CADE0 /* CCLHandlesDaySelection.h */,
				6075AE3919ED3FC100152909 /* CCLProvidesDetailView.h */,
				60BEC0F219D06433000B5DE0 /* Table Model */,
				60035BA119B0D218009CADE0 /* Calendar View */,
			);
			name = "Calendar Application";
			sourceTree = "<group>";
		};
		60035BAC19B0D2B8009CADE0 /* Calendar Table View */ = {
			isa = PBXGroup;
			children = (
				6009D69819ACC0CB006F568F /* CCLCalendarView.h */,
				6009D69919ACC0CC006F568F /* CCLCalendarView.m */,
				6009D69E19ACC868006F568F /* CCLCalendarViewDelegate.h */,
				6056510D19ED6106007A2A17 /* Row Views */,
				6056510E19ED610C007A2A17 /* Cell Views */,
			);
			name = "Calendar Table View";
			sourceTree = "<group>";
		};
		6009D65119AC77D3006F568F = {
			isa = PBXGroup;
			children = (
				60ECAA0719DAE9C20036EE81 /* CalendarViewExample */,
				6009D66319AC77D3006F568F /* CalendarView */,
				6009D68119AC77D4006F568F /* CalendarViewTests */,
				6009D65C19AC77D3006F568F /* Frameworks */,
				6009D65B19AC77D3006F568F /* Products */,
				60ECAB4119DC56510036EE81 /* TestingToolkit.xcodeproj */,
				5021767622B11BE500E217E2 /* CalendarViewTests copy-Info.plist */,
			);
			sourceTree = "<group>";
		};
		6009D65B19AC77D3006F568F /* Products */ = {
			isa = PBXGroup;
			children = (
				6009D65A19AC77D3006F568F /* CalendarViewExample.app */,
				5021763C22B11BDC00E217E2 /* CalendarView.framework */,
				5021769022B11C5600E217E2 /* CalendarViewTests.xctest */,
			);
			name = Products;
			sourceTree = "<group>";
		};
		6009D65C19AC77D3006F568F /* Frameworks */ = {
			isa = PBXGroup;
			children = (
				6009D65D19AC77D3006F568F /* Cocoa.framework */,
				6009D67C19AC77D4006F568F /* XCTest.framework */,
				6009D65F19AC77D3006F568F /* Other Frameworks */,
			);
			name = Frameworks;
			sourceTree = "<group>";
		};
		6009D65F19AC77D3006F568F /* Other Frameworks */ = {
			isa = PBXGroup;
			children = (
				6009D66019AC77D3006F568F /* AppKit.framework */,
				6009D66119AC77D3006F568F /* CoreData.framework */,
				6009D66219AC77D3006F568F /* Foundation.framework */,
			);
			name = "Other Frameworks";
			sourceTree = "<group>";
		};
		6009D66319AC77D3006F568F /* CalendarView */ = {
			isa = PBXGroup;
			children = (
				5021769C22B11D2100E217E2 /* Info.plist */,
				5021769B22B11D1A00E217E2 /* CalendarView-Prefix.pch */,
				5021769D22B11D4000E217E2 /* CalendarView.h */,
				60C354F019B84142000C14E8 /* Calendar Model */,
				60035BAB19B0D243009CADE0 /* Calendar Application */,
			);
			path = CalendarView;
			sourceTree = "<group>";
		};
		6009D66419AC77D3006F568F /* Supporting Files */ = {
			isa = PBXGroup;
			children = (
				6009D66519AC77D3006F568F /* CalendarViewExample-Info.plist */,
				60ECAA0819DAEA940036EE81 /* InfoPlist.strings */,
				6009D66919AC77D3006F568F /* main.m */,
				6009D66C19AC77D3006F568F /* Credits.rtf */,
			);
			name = "Supporting Files";
			path = ../CalendarView;
			sourceTree = "<group>";
		};
		6009D68119AC77D4006F568F /* CalendarViewTests */ = {
			isa = PBXGroup;
			children = (
				5021769422B11C5600E217E2 /* Info.plist */,
				600BA9D119B4669F00A9ED9B /* CCLCalendarViewModelTest.m */,
				60C354F119B84371000C14E8 /* CCLCalendarViewControllerTest.m */,
				6017336319B5A77F00FDE187 /* CCLDateRangeTest.m */,
				60C354F719B99EF9000C14E8 /* CCLMonthsFactoryTest.m */,
				6017336F19B5B8FB00FDE187 /* CCLMonthTest.m */,
				6017337519B5BAAF00FDE187 /* CCLMonthsTest.m */,
				60C3550319BDA13D000C14E8 /* CCLTitleRowsTest.m */,
				601627EC19BEF7E0006B7505 /* CCLCalendarDataTest.m */,
				60BEC0F019D06420000B5DE0 /* CCLRowAdjustmentTest.m */,
				60BEC10119D17928000B5DE0 /* CCLDayLocatorTest.m */,
				60BEC10319D1C91E000B5DE0 /* CCLCellDayTranslationTest.m */,
				60C354F919B9A42C000C14E8 /* Helpers */,
			);
			path = CalendarViewTests;
			sourceTree = "<group>";
		};
		6009D69119AC77DE006F568F /* Resources */ = {
			isa = PBXGroup;
			children = (
				6009D67219AC77D3006F568F /* MainMenu.xib */,
				6009D67519AC77D3006F568F /* Images.xcassets */,
			);
			name = Resources;
			path = ../CalendarView;
			sourceTree = "<group>";
		};
		6056510D19ED6106007A2A17 /* Row Views */ = {
			isa = PBXGroup;
			children = (
				60BEC10519D2F793000B5DE0 /* CCLMonthRowView.h */,
				60BEC10619D2F793000B5DE0 /* CCLMonthRowView.m */,
				6056510819ED5C8E007A2A17 /* CCLBorderedRowView.h */,
				6056510919ED5C8E007A2A17 /* CCLBorderedRowView.m */,
				6009D69B19ACC4CE006F568F /* CCLWeekRowView.h */,
				6009D69C19ACC4CE006F568F /* CCLWeekRowView.m */,
				6009D69F19ACDAC0006F568F /* CCLDayDetailRowView.h */,
				6009D6A019ACDAC0006F568F /* CCLDayDetailRowView.m */,
			);
			name = "Row Views";
			sourceTree = "<group>";
		};
		6056510E19ED610C007A2A17 /* Cell Views */ = {
			isa = PBXGroup;
			children = (
				6056510F19ED6123007A2A17 /* CCLBorderedCellView.h */,
				6056511019ED6123007A2A17 /* CCLBorderedCellView.m */,
				6009D69519AC8107006F568F /* CCLDayCellView.h */,
				6009D69619AC8107006F568F /* CCLDayCellView.m */,
			);
			name = "Cell Views";
			sourceTree = "<group>";
		};
		60BEC0F219D06433000B5DE0 /* Table Model */ = {
			isa = PBXGroup;
			children = (
				60BEC0F919D065EB000B5DE0 /* CCLProvidesTableData.h */,
				60BEC0FA19D06810000B5DE0 /* CCLTableDataTypes.h */,
				60ECAA0A19DAECF30036EE81 /* Handling Cell Selection */,
				60ECAA0B19DAED1A0036EE81 /* Static Table Data */,
			);
			name = "Table Model";
			sourceTree = "<group>";
		};
		60C354F019B84142000C14E8 /* Calendar Model */ = {
			isa = PBXGroup;
			children = (
				60C354FD19BB6467000C14E8 /* CCLDateRange.h */,
				60C354FE19BB6467000C14E8 /* CCLDateRange.m */,
				60C354F419B99EE7000C14E8 /* CCLMonthsFactory.h */,
				60C354F519B99EE7000C14E8 /* CCLMonthsFactory.m */,
				60C354ED19B5BBD0000C14E8 /* CCLMonths.h */,
				60C354EE19B5BBD0000C14E8 /* CCLMonths.m */,
				6017336C19B5B8F000FDE187 /* CCLMonth.h */,
				6017336D19B5B8F000FDE187 /* CCLMonth.m */,
			);
			name = "Calendar Model";
			sourceTree = "<group>";
		};
		60C354F919B9A42C000C14E8 /* Helpers */ = {
			isa = PBXGroup;
			children = (
				506EF23922AFA06E00E1C924 /* CalendarViewTests-Prefix.pch */,
				506EF23622AFA04100E1C924 /* Helpers.h */,
				506EF23722AFA04100E1C924 /* Helpers.m */,
				60C3550519BDFA5D000C14E8 /* XCTest+MonthHelper.h */,
				60C3550619BDFA5D000C14E8 /* XCTest+MonthHelper.m */,
				60C354FA19B9A43D000C14E8 /* TestCalendarSupplier.h */,
				60C354FB19B9A43D000C14E8 /* TestCalendarSupplier.m */,
				601627EF19BEFED1006B7505 /* TestObjectProvider.h */,
				601627F019BEFED1006B7505 /* TestObjectProvider.m */,
			);
			name = Helpers;
			sourceTree = "<group>";
		};
		60ECAA0719DAE9C20036EE81 /* CalendarViewExample */ = {
			isa = PBXGroup;
			children = (
				6009D66F19AC77D3006F568F /* CCLAppDelegate.h */,
				6009D67019AC77D3006F568F /* CCLAppDelegate.m */,
				60035BA419B0D235009CADE0 /* CCLCalendarService.h */,
				60035BA519B0D235009CADE0 /* CCLCalendarService.m */,
				6009D66419AC77D3006F568F /* Supporting Files */,
				6009D69119AC77DE006F568F /* Resources */,
			);
			path = CalendarViewExample;
			sourceTree = "<group>";
		};
		60ECAA0A19DAECF30036EE81 /* Handling Cell Selection */ = {
			isa = PBXGroup;
			children = (
				6019962E19CAD09C00EED575 /* CCLHandlesDayCellSelection.h */,
				60BEC0F319D0644A000B5DE0 /* CCLRowAdjustment.h */,
				60BEC0F419D0644A000B5DE0 /* CCLRowAdjustment.m */,
				60035BAD19B0D2D6009CADE0 /* CCLDayCellSelection.h */,
				60035BAE19B0D2D6009CADE0 /* CCLDayCellSelection.m */,
			);
			name = "Handling Cell Selection";
			sourceTree = "<group>";
		};
		60ECAA0B19DAED1A0036EE81 /* Static Table Data */ = {
			isa = PBXGroup;
			children = (
				600BA9CC19B45EC000A9ED9B /* CCLCalendarViewModel.h */,
				600BA9CD19B45EC000A9ED9B /* CCLCalendarViewModel.m */,
				601627E919BEED21006B7505 /* CCLCalendarData.h */,
				601627EA19BEED21006B7505 /* CCLCalendarData.m */,
				60C3550019BD9F86000C14E8 /* CCLTitleRows.h */,
				60C3550119BD9F86000C14E8 /* CCLTitleRows.m */,
				60BEC0FB19D176A5000B5DE0 /* CCLCellDayTranslation.h */,
				60BEC0FC19D176A6000B5DE0 /* CCLCellDayTranslation.m */,
				60BEC0FE19D176FC000B5DE0 /* CCLDayLocator.h */,
				60BEC0FF19D176FC000B5DE0 /* CCLDayLocator.m */,
			);
			name = "Static Table Data";
			sourceTree = "<group>";
		};
		60ECAB4219DC56510036EE81 /* Products */ = {
			isa = PBXGroup;
			children = (
				60ECAB4719DC56510036EE81 /* TestingToolkit.framework */,
			);
			name = Products;
			sourceTree = "<group>";
		};
/* End PBXGroup section */

/* Begin PBXHeadersBuildPhase section */
		5021763722B11BDC00E217E2 /* Headers */ = {
			isa = PBXHeadersBuildPhase;
			buildActionMask = 2147483647;
			files = (
				502176B522B120DB00E217E2 /* CCLDateRange.h in Headers */,
				502176B722B120E700E217E2 /* CCLProvidesCalendarObjects.h in Headers */,
				502176D822B1379500E217E2 /* CCLDayDetailRowView.h in Headers */,
				502176B622B120E400E217E2 /* CCLProvidesDetailView.h in Headers */,
				502176B822B120EA00E217E2 /* CCLHandlesDaySelection.h in Headers */,
				502176B922B120EF00E217E2 /* CCLDisplayCalendar.h in Headers */,
				502176BA22B1214900E217E2 /* CalendarView.h in Headers */,
			);
			runOnlyForDeploymentPostprocessing = 0;
		};
/* End PBXHeadersBuildPhase section */

/* Begin PBXNativeTarget section */
		5021763B22B11BDC00E217E2 /* CalendarView */ = {
			isa = PBXNativeTarget;
			buildConfigurationList = 5021765722B11BDD00E217E2 /* Build configuration list for PBXNativeTarget "CalendarView" */;
			buildPhases = (
				5021763722B11BDC00E217E2 /* Headers */,
				5021763822B11BDC00E217E2 /* Sources */,
				5021763922B11BDC00E217E2 /* Frameworks */,
				5021763A22B11BDC00E217E2 /* Resources */,
			);
			buildRules = (
			);
			dependencies = (
			);
			name = CalendarView;
			productName = CalendarView;
			productReference = 5021763C22B11BDC00E217E2 /* CalendarView.framework */;
			productType = "com.apple.product-type.framework";
		};
		5021768F22B11C5600E217E2 /* CalendarViewTests */ = {
			isa = PBXNativeTarget;
			buildConfigurationList = 5021769822B11C5600E217E2 /* Build configuration list for PBXNativeTarget "CalendarViewTests" */;
			buildPhases = (
				5021768C22B11C5600E217E2 /* Sources */,
				5021768D22B11C5600E217E2 /* Frameworks */,
				5021768E22B11C5600E217E2 /* Resources */,
				5021769F22B11DB500E217E2 /* Copy Frameworks */,
			);
			buildRules = (
			);
			dependencies = (
				5021769722B11C5600E217E2 /* PBXTargetDependency */,
			);
			name = CalendarViewTests;
			productName = CalendarViewTests;
			productReference = 5021769022B11C5600E217E2 /* CalendarViewTests.xctest */;
			productType = "com.apple.product-type.bundle.unit-test";
		};
		6009D65919AC77D3006F568F /* CalendarViewExample */ = {
			isa = PBXNativeTarget;
			buildConfigurationList = 6009D68B19AC77D4006F568F /* Build configuration list for PBXNativeTarget "CalendarViewExample" */;
			buildPhases = (
				6009D65619AC77D3006F568F /* Sources */,
				6009D65719AC77D3006F568F /* Frameworks */,
				6009D65819AC77D3006F568F /* Resources */,
				5050CB6421B7FE7E00528988 /* Embed Frameworks */,
			);
			buildRules = (
			);
			dependencies = (
				5050CB6321B7FE7E00528988 /* PBXTargetDependency */,
				5021765022B11BDD00E217E2 /* PBXTargetDependency */,
			);
			name = CalendarViewExample;
			productName = CalendarView;
			productReference = 6009D65A19AC77D3006F568F /* CalendarViewExample.app */;
			productType = "com.apple.product-type.application";
		};
/* End PBXNativeTarget section */

/* Begin PBXProject section */
		6009D65219AC77D3006F568F /* Project object */ = {
			isa = PBXProject;
			attributes = {
				CLASSPREFIX = CCL;
				LastUpgradeCheck = 1020;
				ORGANIZATIONNAME = "Christian Tietze";
				TargetAttributes = {
					5021763B22B11BDC00E217E2 = {
						CreatedOnToolsVersion = 10.2;
						DevelopmentTeam = FRMDA3XRGC;
						ProvisioningStyle = Automatic;
					};
					5021768F22B11C5600E217E2 = {
						CreatedOnToolsVersion = 10.2;
						DevelopmentTeam = FRMDA3XRGC;
						ProvisioningStyle = Automatic;
					};
					6009D65919AC77D3006F568F = {
						DevelopmentTeam = FRMDA3XRGC;
						ProvisioningStyle = Automatic;
					};
				};
			};
			buildConfigurationList = 6009D65519AC77D3006F568F /* Build configuration list for PBXProject "CalendarView" */;
			compatibilityVersion = "Xcode 3.2";
			developmentRegion = en;
			hasScannedForEncodings = 0;
			knownRegions = (
				en,
				Base,
			);
			mainGroup = 6009D65119AC77D3006F568F;
			productRefGroup = 6009D65B19AC77D3006F568F /* Products */;
			projectDirPath = "";
			projectReferences = (
				{
					ProductGroup = 60ECAB4219DC56510036EE81 /* Products */;
					ProjectRef = 60ECAB4119DC56510036EE81 /* TestingToolkit.xcodeproj */;
				},
			);
			projectRoot = "";
			targets = (
				6009D65919AC77D3006F568F /* CalendarViewExample */,
				5021763B22B11BDC00E217E2 /* CalendarView */,
				5021768F22B11C5600E217E2 /* CalendarViewTests */,
			);
		};
/* End PBXProject section */

/* Begin PBXReferenceProxy section */
		60ECAB4719DC56510036EE81 /* TestingToolkit.framework */ = {
			isa = PBXReferenceProxy;
			fileType = wrapper.framework;
			path = TestingToolkit.framework;
			remoteRef = 60ECAB4619DC56510036EE81 /* PBXContainerItemProxy */;
			sourceTree = BUILT_PRODUCTS_DIR;
		};
/* End PBXReferenceProxy section */

/* Begin PBXResourcesBuildPhase section */
		5021763A22B11BDC00E217E2 /* Resources */ = {
			isa = PBXResourcesBuildPhase;
			buildActionMask = 2147483647;
			files = (
				5021768322B11C1E00E217E2 /* CCLCalendarViewController.xib in Resources */,
			);
			runOnlyForDeploymentPostprocessing = 0;
		};
		5021768E22B11C5600E217E2 /* Resources */ = {
			isa = PBXResourcesBuildPhase;
			buildActionMask = 2147483647;
			files = (
			);
			runOnlyForDeploymentPostprocessing = 0;
		};
		6009D65819AC77D3006F568F /* Resources */ = {
			isa = PBXResourcesBuildPhase;
			buildActionMask = 2147483647;
			files = (
				6009D67619AC77D3006F568F /* Images.xcassets in Resources */,
				6009D66E19AC77D3006F568F /* Credits.rtf in Resources */,
				6009D67419AC77D3006F568F /* MainMenu.xib in Resources */,
				60ECAA0919DAEA940036EE81 /* InfoPlist.strings in Resources */,
			);
			runOnlyForDeploymentPostprocessing = 0;
		};
/* End PBXResourcesBuildPhase section */

/* Begin PBXSourcesBuildPhase section */
		5021763822B11BDC00E217E2 /* Sources */ = {
			isa = PBXSourcesBuildPhase;
			buildActionMask = 2147483647;
			files = (
				5021767C22B11C1E00E217E2 /* CCLRowAdjustment.m in Sources */,
				5021767822B11C1E00E217E2 /* CCLMonthsFactory.m in Sources */,
				5021767E22B11C1E00E217E2 /* CCLCalendarData.m in Sources */,
				5021768522B11C1E00E217E2 /* CCLMonthRowView.m in Sources */,
				5021768922B11C1E00E217E2 /* CCLBorderedCellView.m in Sources */,
				5021767D22B11C1E00E217E2 /* CCLDayCellSelection.m in Sources */,
				5021767A22B11C1E00E217E2 /* CCLMonth.m in Sources */,
				5021768422B11C1E00E217E2 /* CCLCalendarView.m in Sources */,
				5021768A22B11C1E00E217E2 /* CCLDayCellView.m in Sources */,
				5021767922B11C1E00E217E2 /* CCLMonths.m in Sources */,
				5021768122B11C1E00E217E2 /* CCLDayLocator.m in Sources */,
				5021767722B11C1E00E217E2 /* CCLDateRange.m in Sources */,
				5021768022B11C1E00E217E2 /* CCLCellDayTranslation.m in Sources */,
				5021768222B11C1E00E217E2 /* CCLCalendarViewController.m in Sources */,
				5021768822B11C1E00E217E2 /* CCLDayDetailRowView.m in Sources */,
				5021768722B11C1E00E217E2 /* CCLWeekRowView.m in Sources */,
				5021768622B11C1E00E217E2 /* CCLBorderedRowView.m in Sources */,
				5021768B22B11C2400E217E2 /* CCLCalendarViewModel.m in Sources */,
				5021767F22B11C1E00E217E2 /* CCLTitleRows.m in Sources */,
				5021767B22B11C1E00E217E2 /* CCLDisplayCalendar.m in Sources */,
			);
			runOnlyForDeploymentPostprocessing = 0;
		};
		5021768C22B11C5600E217E2 /* Sources */ = {
			isa = PBXSourcesBuildPhase;
			buildActionMask = 2147483647;
			files = (
				502176A922B11DE000E217E2 /* CCLRowAdjustmentTest.m in Sources */,
				502176A422B11DE000E217E2 /* CCLMonthsFactoryTest.m in Sources */,
				502176B022B11DEC00E217E2 /* TestObjectProvider.m in Sources */,
				502176A622B11DE000E217E2 /* CCLMonthsTest.m in Sources */,
				502176AF22B11DEC00E217E2 /* TestCalendarSupplier.m in Sources */,
				502176AE22B11DEC00E217E2 /* XCTest+MonthHelper.m in Sources */,
				502176AD22B11DEC00E217E2 /* Helpers.m in Sources */,
				502176AB22B11DE000E217E2 /* CCLCellDayTranslationTest.m in Sources */,
				502176A722B11DE000E217E2 /* CCLTitleRowsTest.m in Sources */,
				502176AA22B11DE000E217E2 /* CCLDayLocatorTest.m in Sources */,
				502176A122B11DE000E217E2 /* CCLCalendarViewModelTest.m in Sources */,
				502176A322B11DE000E217E2 /* CCLDateRangeTest.m in Sources */,
				502176A222B11DE000E217E2 /* CCLCalendarViewControllerTest.m in Sources */,
				502176A822B11DE000E217E2 /* CCLCalendarDataTest.m in Sources */,
				502176A522B11DE000E217E2 /* CCLMonthTest.m in Sources */,
			);
			runOnlyForDeploymentPostprocessing = 0;
		};
		6009D65619AC77D3006F568F /* Sources */ = {
			isa = PBXSourcesBuildPhase;
			buildActionMask = 2147483647;
			files = (
				6009D66A19AC77D3006F568F /* main.m in Sources */,
				6009D67119AC77D3006F568F /* CCLAppDelegate.m in Sources */,
				60035BA819B0D235009CADE0 /* CCLCalendarService.m in Sources */,
			);
			runOnlyForDeploymentPostprocessing = 0;
		};
/* End PBXSourcesBuildPhase section */

/* Begin PBXTargetDependency section */
		5021765022B11BDD00E217E2 /* PBXTargetDependency */ = {
			isa = PBXTargetDependency;
			target = 5021763B22B11BDC00E217E2 /* CalendarView */;
			targetProxy = 5021764F22B11BDD00E217E2 /* PBXContainerItemProxy */;
		};
		5021769722B11C5600E217E2 /* PBXTargetDependency */ = {
			isa = PBXTargetDependency;
			target = 5021763B22B11BDC00E217E2 /* CalendarView */;
			targetProxy = 5021769622B11C5600E217E2 /* PBXContainerItemProxy */;
		};
		5050CB6321B7FE7E00528988 /* PBXTargetDependency */ = {
			isa = PBXTargetDependency;
			name = TestingToolkit;
			targetProxy = 5050CB6221B7FE7E00528988 /* PBXContainerItemProxy */;
		};
/* End PBXTargetDependency section */

/* Begin PBXVariantGroup section */
		6009D66C19AC77D3006F568F /* Credits.rtf */ = {
			isa = PBXVariantGroup;
			children = (
				6009D66D19AC77D3006F568F /* en */,
			);
			name = Credits.rtf;
			path = ../CalendarViewExample;
			sourceTree = "<group>";
		};
		6009D67219AC77D3006F568F /* MainMenu.xib */ = {
			isa = PBXVariantGroup;
			children = (
				6009D67319AC77D3006F568F /* Base */,
			);
			name = MainMenu.xib;
			path = ../CalendarViewExample;
			sourceTree = "<group>";
		};
/* End PBXVariantGroup section */

/* Begin XCBuildConfiguration section */
		5021765322B11BDD00E217E2 /* Debug */ = {
			isa = XCBuildConfiguration;
			buildSettings = {
				CLANG_ANALYZER_NONNULL = YES;
				CLANG_ANALYZER_NUMBER_OBJECT_CONVERSION = YES_AGGRESSIVE;
				CLANG_CXX_LANGUAGE_STANDARD = "gnu++14";
				CLANG_ENABLE_OBJC_WEAK = YES;
				CLANG_WARN_DOCUMENTATION_COMMENTS = YES;
				CLANG_WARN_UNGUARDED_AVAILABILITY = YES_AGGRESSIVE;
				CODE_SIGN_IDENTITY = "Mac Developer";
				CODE_SIGN_STYLE = Automatic;
				COMBINE_HIDPI_IMAGES = YES;
				CURRENT_PROJECT_VERSION = 1;
				DEBUG_INFORMATION_FORMAT = dwarf;
				DEFINES_MODULE = YES;
				DEVELOPMENT_TEAM = FRMDA3XRGC;
				DYLIB_COMPATIBILITY_VERSION = 1;
				DYLIB_CURRENT_VERSION = 1;
				DYLIB_INSTALL_NAME_BASE = "@rpath";
				FRAMEWORK_VERSION = A;
				GCC_C_LANGUAGE_STANDARD = gnu11;
				GCC_PRECOMPILE_PREFIX_HEADER = YES;
				GCC_PREFIX_HEADER = "CalendarView/CalendarView-Prefix.pch";
				INFOPLIST_FILE = CalendarView/Info.plist;
				INSTALL_PATH = "$(LOCAL_LIBRARY_DIR)/Frameworks";
				LD_RUNPATH_SEARCH_PATHS = "$(inherited) @executable_path/../Frameworks @loader_path/Frameworks";
				MTL_ENABLE_DEBUG_INFO = INCLUDE_SOURCE;
				MTL_FAST_MATH = YES;
				PRODUCT_BUNDLE_IDENTIFIER = de.christiantietze.CalendarView;
				PRODUCT_NAME = "$(TARGET_NAME:c99extidentifier)";
				SKIP_INSTALL = YES;
				VERSIONING_SYSTEM = "apple-generic";
				VERSION_INFO_PREFIX = "";
			};
			name = Debug;
		};
		5021765422B11BDD00E217E2 /* Release */ = {
			isa = XCBuildConfiguration;
			buildSettings = {
				CLANG_ANALYZER_NONNULL = YES;
				CLANG_ANALYZER_NUMBER_OBJECT_CONVERSION = YES_AGGRESSIVE;
				CLANG_CXX_LANGUAGE_STANDARD = "gnu++14";
				CLANG_ENABLE_OBJC_WEAK = YES;
				CLANG_WARN_DOCUMENTATION_COMMENTS = YES;
				CLANG_WARN_UNGUARDED_AVAILABILITY = YES_AGGRESSIVE;
				CODE_SIGN_IDENTITY = "Mac Developer";
				CODE_SIGN_STYLE = Automatic;
				COMBINE_HIDPI_IMAGES = YES;
				COPY_PHASE_STRIP = NO;
				CURRENT_PROJECT_VERSION = 1;
				DEFINES_MODULE = YES;
				DEVELOPMENT_TEAM = FRMDA3XRGC;
				DYLIB_COMPATIBILITY_VERSION = 1;
				DYLIB_CURRENT_VERSION = 1;
				DYLIB_INSTALL_NAME_BASE = "@rpath";
				FRAMEWORK_VERSION = A;
				GCC_C_LANGUAGE_STANDARD = gnu11;
				GCC_PRECOMPILE_PREFIX_HEADER = YES;
				GCC_PREFIX_HEADER = "CalendarView/CalendarView-Prefix.pch";
				INFOPLIST_FILE = CalendarView/Info.plist;
				INSTALL_PATH = "$(LOCAL_LIBRARY_DIR)/Frameworks";
				LD_RUNPATH_SEARCH_PATHS = "$(inherited) @executable_path/../Frameworks @loader_path/Frameworks";
				MTL_ENABLE_DEBUG_INFO = NO;
				MTL_FAST_MATH = YES;
				PRODUCT_BUNDLE_IDENTIFIER = de.christiantietze.CalendarView;
				PRODUCT_NAME = "$(TARGET_NAME:c99extidentifier)";
				SKIP_INSTALL = YES;
				VERSIONING_SYSTEM = "apple-generic";
				VERSION_INFO_PREFIX = "";
			};
			name = Release;
		};
		5021769922B11C5600E217E2 /* Debug */ = {
			isa = XCBuildConfiguration;
			buildSettings = {
				CLANG_ANALYZER_NONNULL = YES;
				CLANG_ANALYZER_NUMBER_OBJECT_CONVERSION = YES_AGGRESSIVE;
				CLANG_CXX_LANGUAGE_STANDARD = "gnu++14";
				CLANG_ENABLE_OBJC_WEAK = YES;
				CLANG_WARN_DOCUMENTATION_COMMENTS = YES;
				CLANG_WARN_UNGUARDED_AVAILABILITY = YES_AGGRESSIVE;
				CODE_SIGN_IDENTITY = "Mac Developer";
				CODE_SIGN_STYLE = Automatic;
				COMBINE_HIDPI_IMAGES = YES;
				DEBUG_INFORMATION_FORMAT = dwarf;
				DEVELOPMENT_TEAM = FRMDA3XRGC;
				GCC_C_LANGUAGE_STANDARD = gnu11;
				GCC_PRECOMPILE_PREFIX_HEADER = YES;
				GCC_PREFIX_HEADER = "CalendarViewTests/CalendarViewTests-Prefix.pch";
				INFOPLIST_FILE = CalendarViewTests/Info.plist;
				LD_RUNPATH_SEARCH_PATHS = "$(inherited) @executable_path/../Frameworks @loader_path/../Frameworks";
				MACOSX_DEPLOYMENT_TARGET = 10.14;
				MTL_ENABLE_DEBUG_INFO = INCLUDE_SOURCE;
				MTL_FAST_MATH = YES;
				PRODUCT_BUNDLE_IDENTIFIER = de.christiantietze.CalendarViewTests;
				PRODUCT_NAME = "$(TARGET_NAME)";
			};
			name = Debug;
		};
		5021769A22B11C5600E217E2 /* Release */ = {
			isa = XCBuildConfiguration;
			buildSettings = {
				CLANG_ANALYZER_NONNULL = YES;
				CLANG_ANALYZER_NUMBER_OBJECT_CONVERSION = YES_AGGRESSIVE;
				CLANG_CXX_LANGUAGE_STANDARD = "gnu++14";
				CLANG_ENABLE_OBJC_WEAK = YES;
				CLANG_WARN_DOCUMENTATION_COMMENTS = YES;
				CLANG_WARN_UNGUARDED_AVAILABILITY = YES_AGGRESSIVE;
				CODE_SIGN_IDENTITY = "Mac Developer";
				CODE_SIGN_STYLE = Automatic;
				COMBINE_HIDPI_IMAGES = YES;
				COPY_PHASE_STRIP = NO;
				DEVELOPMENT_TEAM = FRMDA3XRGC;
				GCC_C_LANGUAGE_STANDARD = gnu11;
				GCC_PRECOMPILE_PREFIX_HEADER = YES;
				GCC_PREFIX_HEADER = "CalendarViewTests/CalendarViewTests-Prefix.pch";
				INFOPLIST_FILE = CalendarViewTests/Info.plist;
				LD_RUNPATH_SEARCH_PATHS = "$(inherited) @executable_path/../Frameworks @loader_path/../Frameworks";
				MACOSX_DEPLOYMENT_TARGET = 10.14;
				MTL_ENABLE_DEBUG_INFO = NO;
				MTL_FAST_MATH = YES;
				PRODUCT_BUNDLE_IDENTIFIER = de.christiantietze.CalendarViewTests;
				PRODUCT_NAME = "$(TARGET_NAME)";
			};
			name = Release;
		};
		6009D68919AC77D4006F568F /* Debug */ = {
			isa = XCBuildConfiguration;
			buildSettings = {
				ALWAYS_SEARCH_USER_PATHS = NO;
				CLANG_ANALYZER_LOCALIZABILITY_NONLOCALIZED = YES;
				CLANG_CXX_LANGUAGE_STANDARD = "gnu++0x";
				CLANG_CXX_LIBRARY = "libc++";
				CLANG_ENABLE_MODULES = YES;
				CLANG_ENABLE_OBJC_ARC = YES;
				CLANG_WARN_BLOCK_CAPTURE_AUTORELEASING = YES;
				CLANG_WARN_BOOL_CONVERSION = YES;
				CLANG_WARN_COMMA = YES;
				CLANG_WARN_CONSTANT_CONVERSION = YES;
				CLANG_WARN_DEPRECATED_OBJC_IMPLEMENTATIONS = YES;
				CLANG_WARN_DIRECT_OBJC_ISA_USAGE = YES_ERROR;
				CLANG_WARN_EMPTY_BODY = YES;
				CLANG_WARN_ENUM_CONVERSION = YES;
				CLANG_WARN_INFINITE_RECURSION = YES;
				CLANG_WARN_INT_CONVERSION = YES;
				CLANG_WARN_NON_LITERAL_NULL_CONVERSION = YES;
				CLANG_WARN_OBJC_IMPLICIT_RETAIN_SELF = YES;
				CLANG_WARN_OBJC_LITERAL_CONVERSION = YES;
				CLANG_WARN_OBJC_ROOT_CLASS = YES_ERROR;
				CLANG_WARN_RANGE_LOOP_ANALYSIS = YES;
				CLANG_WARN_STRICT_PROTOTYPES = YES;
				CLANG_WARN_SUSPICIOUS_MOVE = YES;
				CLANG_WARN_UNREACHABLE_CODE = YES;
				CLANG_WARN__DUPLICATE_METHOD_MATCH = YES;
				COPY_PHASE_STRIP = NO;
				ENABLE_STRICT_OBJC_MSGSEND = YES;
				ENABLE_TESTABILITY = YES;
				GCC_C_LANGUAGE_STANDARD = gnu99;
				GCC_DYNAMIC_NO_PIC = NO;
				GCC_ENABLE_OBJC_EXCEPTIONS = YES;
				GCC_NO_COMMON_BLOCKS = YES;
				GCC_OPTIMIZATION_LEVEL = 0;
				GCC_PREPROCESSOR_DEFINITIONS = (
					"DEBUG=1",
					"$(inherited)",
				);
				GCC_SYMBOLS_PRIVATE_EXTERN = NO;
				GCC_WARN_64_TO_32_BIT_CONVERSION = YES;
				GCC_WARN_ABOUT_RETURN_TYPE = YES_ERROR;
				GCC_WARN_UNDECLARED_SELECTOR = YES;
				GCC_WARN_UNINITIALIZED_AUTOS = YES_AGGRESSIVE;
				GCC_WARN_UNUSED_FUNCTION = YES;
				GCC_WARN_UNUSED_VARIABLE = YES;
				MACOSX_DEPLOYMENT_TARGET = 10.10;
				ONLY_ACTIVE_ARCH = YES;
				SDKROOT = macosx;
				USER_HEADER_SEARCH_PATHS = "$(PROJECT_DIR)/External/TestingToolkit/**";
			};
			name = Debug;
		};
		6009D68A19AC77D4006F568F /* Release */ = {
			isa = XCBuildConfiguration;
			buildSettings = {
				ALWAYS_SEARCH_USER_PATHS = NO;
				CLANG_ANALYZER_LOCALIZABILITY_NONLOCALIZED = YES;
				CLANG_CXX_LANGUAGE_STANDARD = "gnu++0x";
				CLANG_CXX_LIBRARY = "libc++";
				CLANG_ENABLE_MODULES = YES;
				CLANG_ENABLE_OBJC_ARC = YES;
				CLANG_WARN_BLOCK_CAPTURE_AUTORELEASING = YES;
				CLANG_WARN_BOOL_CONVERSION = YES;
				CLANG_WARN_COMMA = YES;
				CLANG_WARN_CONSTANT_CONVERSION = YES;
				CLANG_WARN_DEPRECATED_OBJC_IMPLEMENTATIONS = YES;
				CLANG_WARN_DIRECT_OBJC_ISA_USAGE = YES_ERROR;
				CLANG_WARN_EMPTY_BODY = YES;
				CLANG_WARN_ENUM_CONVERSION = YES;
				CLANG_WARN_INFINITE_RECURSION = YES;
				CLANG_WARN_INT_CONVERSION = YES;
				CLANG_WARN_NON_LITERAL_NULL_CONVERSION = YES;
				CLANG_WARN_OBJC_IMPLICIT_RETAIN_SELF = YES;
				CLANG_WARN_OBJC_LITERAL_CONVERSION = YES;
				CLANG_WARN_OBJC_ROOT_CLASS = YES_ERROR;
				CLANG_WARN_RANGE_LOOP_ANALYSIS = YES;
				CLANG_WARN_STRICT_PROTOTYPES = YES;
				CLANG_WARN_SUSPICIOUS_MOVE = YES;
				CLANG_WARN_UNREACHABLE_CODE = YES;
				CLANG_WARN__DUPLICATE_METHOD_MATCH = YES;
				COPY_PHASE_STRIP = YES;
				DEBUG_INFORMATION_FORMAT = "dwarf-with-dsym";
				ENABLE_NS_ASSERTIONS = NO;
				ENABLE_STRICT_OBJC_MSGSEND = YES;
				GCC_C_LANGUAGE_STANDARD = gnu99;
				GCC_ENABLE_OBJC_EXCEPTIONS = YES;
				GCC_NO_COMMON_BLOCKS = YES;
				GCC_WARN_64_TO_32_BIT_CONVERSION = YES;
				GCC_WARN_ABOUT_RETURN_TYPE = YES_ERROR;
				GCC_WARN_UNDECLARED_SELECTOR = YES;
				GCC_WARN_UNINITIALIZED_AUTOS = YES_AGGRESSIVE;
				GCC_WARN_UNUSED_FUNCTION = YES;
				GCC_WARN_UNUSED_VARIABLE = YES;
				MACOSX_DEPLOYMENT_TARGET = 10.10;
				SDKROOT = macosx;
				USER_HEADER_SEARCH_PATHS = "$(PROJECT_DIR)/External/TestingToolkit/**";
			};
			name = Release;
		};
		6009D68C19AC77D4006F568F /* Debug */ = {
			isa = XCBuildConfiguration;
			buildSettings = {
				ASSETCATALOG_COMPILER_APPICON_NAME = AppIcon;
				CODE_SIGN_IDENTITY = "Mac Developer";
				CODE_SIGN_STYLE = Automatic;
				COMBINE_HIDPI_IMAGES = YES;
				DEVELOPMENT_TEAM = FRMDA3XRGC;
				GCC_PRECOMPILE_PREFIX_HEADER = NO;
				INFOPLIST_FILE = "$(SRCROOT)/CalendarViewExample/CalendarViewExample-Info.plist";
				LD_RUNPATH_SEARCH_PATHS = "$(inherited) @executable_path/../Frameworks";
				PRODUCT_BUNDLE_IDENTIFIER = "de.christiantietze.${PRODUCT_NAME:rfc1034identifier}";
				PRODUCT_NAME = "$(TARGET_NAME)";
				PROVISIONING_PROFILE_SPECIFIER = "";
				WRAPPER_EXTENSION = app;
			};
			name = Debug;
		};
		6009D68D19AC77D4006F568F /* Release */ = {
			isa = XCBuildConfiguration;
			buildSettings = {
				ASSETCATALOG_COMPILER_APPICON_NAME = AppIcon;
				CODE_SIGN_IDENTITY = "Mac Developer";
				CODE_SIGN_STYLE = Automatic;
				COMBINE_HIDPI_IMAGES = YES;
				DEVELOPMENT_TEAM = FRMDA3XRGC;
				GCC_PRECOMPILE_PREFIX_HEADER = NO;
				INFOPLIST_FILE = "$(SRCROOT)/CalendarViewExample/CalendarViewExample-Info.plist";
				LD_RUNPATH_SEARCH_PATHS = "$(inherited) @executable_path/../Frameworks";
				PRODUCT_BUNDLE_IDENTIFIER = "de.christiantietze.${PRODUCT_NAME:rfc1034identifier}";
				PRODUCT_NAME = "$(TARGET_NAME)";
				PROVISIONING_PROFILE_SPECIFIER = "";
				WRAPPER_EXTENSION = app;
			};
			name = Release;
		};
/* End XCBuildConfiguration section */

/* Begin XCConfigurationList section */
		5021765722B11BDD00E217E2 /* Build configuration list for PBXNativeTarget "CalendarView" */ = {
			isa = XCConfigurationList;
			buildConfigurations = (
				5021765322B11BDD00E217E2 /* Debug */,
				5021765422B11BDD00E217E2 /* Release */,
			);
			defaultConfigurationIsVisible = 0;
			defaultConfigurationName = Release;
		};
		5021769822B11C5600E217E2 /* Build configuration list for PBXNativeTarget "CalendarViewTests" */ = {
			isa = XCConfigurationList;
			buildConfigurations = (
				5021769922B11C5600E217E2 /* Debug */,
				5021769A22B11C5600E217E2 /* Release */,
			);
			defaultConfigurationIsVisible = 0;
			defaultConfigurationName = Release;
		};
		6009D65519AC77D3006F568F /* Build configuration list for PBXProject "CalendarView" */ = {
			isa = XCConfigurationList;
			buildConfigurations = (
				6009D68919AC77D4006F568F /* Debug */,
				6009D68A19AC77D4006F568F /* Release */,
			);
			defaultConfigurationIsVisible = 0;
			defaultConfigurationName = Release;
		};
		6009D68B19AC77D4006F568F /* Build configuration list for PBXNativeTarget "CalendarViewExample" */ = {
			isa = XCConfigurationList;
			buildConfigurations = (
				6009D68C19AC77D4006F568F /* Debug */,
				6009D68D19AC77D4006F568F /* Release */,
			);
			defaultConfigurationIsVisible = 0;
			defaultConfigurationName = Release;
		};
/* End XCConfigurationList section */
	};
	rootObject = 6009D65219AC77D3006F568F /* Project object */;
}
